Microsoft Visual Studio Solution File, Format Version 12.00
# Visual Studio 15
Project("{2150E333-8FDC-42A3-9474-1A3956D46DE8}") = "CMakePredefinedTargets", "CMakePredefinedTargets", "{9B2E367A-3882-32CB-8EDA-9555F0886CFD}"
EndProject
Project("{2150E333-8FDC-42A3-9474-1A3956D46DE8}") = "GLFW3", "GLFW3", "{BE0F34DB-042B-3B82-9B3C-727F0EA04AE1}"
EndProject
Project("{2150E333-8FDC-42A3-9474-1A3956D46DE8}") = "Examples", "GLFW3\Examples", "{CACA8379-E3E0-3B2B-B791-A32117229F11}"
EndProject
Project("{2150E333-8FDC-42A3-9474-1A3956D46DE8}") = "Tests", "GLFW3\Tests", "{579C51AD-6EAD-3D70-9514-6B091EC57D07}"
EndProject
Project("{8BC9CEB8-8B4A-11D0-8D11-00A0C91BC942}") = "ALL_BUILD", "ALL_BUILD.vcxproj", "{106DD590-897A-380C-AFC9-A45D8CEC650B}"
	ProjectSection(ProjectDependencies) = postProject
		{6578A102-E29D-3465-92DB-5240AEA90515} = {6578A102-E29D-3465-92DB-5240AEA90515}
		{5A0D2E36-FF1B-3776-891C-FF307DEE8176} = {5A0D2E36-FF1B-3776-891C-FF307DEE8176}
		{38556C02-65C9-3D62-B450-FD531295130A} = {38556C02-65C9-3D62-B450-FD531295130A}
		{1B25DC25-87FC-3365-864A-A321BAA9D54E} = {1B25DC25-87FC-3365-864A-A321BAA9D54E}
		{7E3D09F1-D095-3BCC-AABD-947F76594201} = {7E3D09F1-D095-3BCC-AABD-947F76594201}
		{79E6FC66-1DF5-3AFB-9F60-260621F9E21A} = {79E6FC66-1DF5-3AFB-9F60-260621F9E21A}
		{7ECDB857-792C-302C-AD19-5058EDFB7002} = {7ECDB857-792C-302C-AD19-5058EDFB7002}
		{4FE3F310-9D60-37FA-A099-7BC2DAE87AE1} = {4FE3F310-9D60-37FA-A099-7BC2DAE87AE1}
		{42E3D6A7-EF61-3949-976A-D378AF3E4542} = {42E3D6A7-EF61-3949-976A-D378AF3E4542}
		{5036221F-529D-3D5A-B0AD-38B78A1C7B06} = {5036221F-529D-3D5A-B0AD-38B78A1C7B06}
		{773ACB6D-F6DD-38A1-B169-5B7CDABA4BC6} = {773ACB6D-F6DD-38A1-B169-5B7CDABA4BC6}
		{6C57B828-6038-3473-91C8-5B7E87B5BBFB} = {6C57B828-6038-3473-91C8-5B7E87B5BBFB}
		{04017F89-08F9-3A9B-8478-B349CB38836A} = {04017F89-08F9-3A9B-8478-B349CB38836A}
		{9F502441-0C26-3D24-A1F9-CF6C499F2E87} = {9F502441-0C26-3D24-A1F9-CF6C499F2E87}
		{E7B9B691-F8AC-3B84-8289-720C7584F4BE} = {E7B9B691-F8AC-3B84-8289-720C7584F4BE}
		{FE9A71BC-1291-3583-BE78-2141CDE2DF0C} = {FE9A71BC-1291-3583-BE78-2141CDE2DF0C}
		{DB5B59D1-CDF1-36DF-8FD6-54519AB066CD} = {DB5B59D1-CDF1-36DF-8FD6-54519AB066CD}
		{DE02FCA5-E28D-30D6-81C9-AA76C8929F80} = {DE02FCA5-E28D-30D6-81C9-AA76C8929F80}
		{1F6EAE21-003E-3A37-B1C5-F7F4185FAD62} = {1F6EAE21-003E-3A37-B1C5-F7F4185FAD62}
		{8DC27F55-33B4-3A22-8458-9A4A4B787D41} = {8DC27F55-33B4-3A22-8458-9A4A4B787D41}
		{943CDA66-4D91-37FF-AD2D-46096299EA1C} = {943CDA66-4D91-37FF-AD2D-46096299EA1C}
		{8C24C6B2-62C5-34F9-9D7D-277D8B7B7709} = {8C24C6B2-62C5-34F9-9D7D-277D8B7B7709}
		{1055DAAE-0E37-37B6-990C-AB7F4B73B433} = {1055DAAE-0E37-37B6-990C-AB7F4B73B433}
		{2F4620D0-6D9A-31AF-ADD9-5FEEDC7AED0E} = {2F4620D0-6D9A-31AF-ADD9-5FEEDC7AED0E}
		{AE4EF6BF-E900-33F3-B9BD-30DC2CAA6A7D} = {AE4EF6BF-E900-33F3-B9BD-30DC2CAA6A7D}
		{4CF78AAF-A951-3369-A4D8-3AF6175A5749} = {4CF78AAF-A951-3369-A4D8-3AF6175A5749}
		{0B80D839-23FA-30F7-BBCD-974FE2C2156C} = {0B80D839-23FA-30F7-BBCD-974FE2C2156C}
	EndProjectSection
EndProject
Project("{8BC9CEB8-8B4A-11D0-8D11-00A0C91BC942}") = "INSTALL", "INSTALL.vcxproj", "{D4E87190-88F1-3D6D-B73A-0C12AFB70E7A}"
	ProjectSection(ProjectDependencies) = postProject
		{106DD590-897A-380C-AFC9-A45D8CEC650B} = {106DD590-897A-380C-AFC9-A45D8CEC650B}
		{6578A102-E29D-3465-92DB-5240AEA90515} = {6578A102-E29D-3465-92DB-5240AEA90515}
	EndProjectSection
EndProject
Project("{8BC9CEB8-8B4A-11D0-8D11-00A0C91BC942}") = "ZERO_CHECK", "ZERO_CHECK.vcxproj", "{6578A102-E29D-3465-92DB-5240AEA90515}"
	ProjectSection(ProjectDependencies) = postProject
	EndProjectSection
EndProject
Project("{8BC9CEB8-8B4A-11D0-8D11-00A0C91BC942}") = "boing", "examples\boing.vcxproj", "{5A0D2E36-FF1B-3776-891C-FF307DEE8176}"
	ProjectSection(ProjectDependencies) = postProject
		{6578A102-E29D-3465-92DB-5240AEA90515} = {6578A102-E29D-3465-92DB-5240AEA90515}
		{42E3D6A7-EF61-3949-976A-D378AF3E4542} = {42E3D6A7-EF61-3949-976A-D378AF3E4542}
	EndProjectSection
EndProject
Project("{8BC9CEB8-8B4A-11D0-8D11-00A0C91BC942}") = "clipboard", "tests\clipboard.vcxproj", "{38556C02-65C9-3D62-B450-FD531295130A}"
	ProjectSection(ProjectDependencies) = postProject
		{6578A102-E29D-3465-92DB-5240AEA90515} = {6578A102-E29D-3465-92DB-5240AEA90515}
		{42E3D6A7-EF61-3949-976A-D378AF3E4542} = {42E3D6A7-EF61-3949-976A-D378AF3E4542}
	EndProjectSection
EndProject
Project("{8BC9CEB8-8B4A-11D0-8D11-00A0C91BC942}") = "cursor", "tests\cursor.vcxproj", "{1B25DC25-87FC-3365-864A-A321BAA9D54E}"
	ProjectSection(ProjectDependencies) = postProject
		{6578A102-E29D-3465-92DB-5240AEA90515} = {6578A102-E29D-3465-92DB-5240AEA90515}
		{42E3D6A7-EF61-3949-976A-D378AF3E4542} = {42E3D6A7-EF61-3949-976A-D378AF3E4542}
	EndProjectSection
EndProject
Project("{8BC9CEB8-8B4A-11D0-8D11-00A0C91BC942}") = "empty", "tests\empty.vcxproj", "{7E3D09F1-D095-3BCC-AABD-947F76594201}"
	ProjectSection(ProjectDependencies) = postProject
		{6578A102-E29D-3465-92DB-5240AEA90515} = {6578A102-E29D-3465-92DB-5240AEA90515}
		{42E3D6A7-EF61-3949-976A-D378AF3E4542} = {42E3D6A7-EF61-3949-976A-D378AF3E4542}
	EndProjectSection
EndProject
Project("{8BC9CEB8-8B4A-11D0-8D11-00A0C91BC942}") = "events", "tests\events.vcxproj", "{79E6FC66-1DF5-3AFB-9F60-260621F9E21A}"
	ProjectSection(ProjectDependencies) = postProject
		{6578A102-E29D-3465-92DB-5240AEA90515} = {6578A102-E29D-3465-92DB-5240AEA90515}
		{42E3D6A7-EF61-3949-976A-D378AF3E4542} = {42E3D6A7-EF61-3949-976A-D378AF3E4542}
	EndProjectSection
EndProject
Project("{8BC9CEB8-8B4A-11D0-8D11-00A0C91BC942}") = "gamma", "tests\gamma.vcxproj", "{7ECDB857-792C-302C-AD19-5058EDFB7002}"
	ProjectSection(ProjectDependencies) = postProject
		{6578A102-E29D-3465-92DB-5240AEA90515} = {6578A102-E29D-3465-92DB-5240AEA90515}
		{42E3D6A7-EF61-3949-976A-D378AF3E4542} = {42E3D6A7-EF61-3949-976A-D378AF3E4542}
	EndProjectSection
EndProject
Project("{8BC9CEB8-8B4A-11D0-8D11-00A0C91BC942}") = "gears", "examples\gears.vcxproj", "{4FE3F310-9D60-37FA-A099-7BC2DAE87AE1}"
	ProjectSection(ProjectDependencies) = postProject
		{6578A102-E29D-3465-92DB-5240AEA90515} = {6578A102-E29D-3465-92DB-5240AEA90515}
		{42E3D6A7-EF61-3949-976A-D378AF3E4542} = {42E3D6A7-EF61-3949-976A-D378AF3E4542}
	EndProjectSection
EndProject
Project("{8BC9CEB8-8B4A-11D0-8D11-00A0C91BC942}") = "glfw", "src\glfw.vcxproj", "{42E3D6A7-EF61-3949-976A-D378AF3E4542}"
	ProjectSection(ProjectDependencies) = postProject
		{6578A102-E29D-3465-92DB-5240AEA90515} = {6578A102-E29D-3465-92DB-5240AEA90515}
	EndProjectSection
EndProject
Project("{8BC9CEB8-8B4A-11D0-8D11-00A0C91BC942}") = "glfwinfo", "tests\glfwinfo.vcxproj", "{5036221F-529D-3D5A-B0AD-38B78A1C7B06}"
	ProjectSection(ProjectDependencies) = postProject
		{6578A102-E29D-3465-92DB-5240AEA90515} = {6578A102-E29D-3465-92DB-5240AEA90515}
		{42E3D6A7-EF61-3949-976A-D378AF3E4542} = {42E3D6A7-EF61-3949-976A-D378AF3E4542}
	EndProjectSection
EndProject
Project("{8BC9CEB8-8B4A-11D0-8D11-00A0C91BC942}") = "heightmap", "examples\heightmap.vcxproj", "{773ACB6D-F6DD-38A1-B169-5B7CDABA4BC6}"
	ProjectSection(ProjectDependencies) = postProject
		{6578A102-E29D-3465-92DB-5240AEA90515} = {6578A102-E29D-3465-92DB-5240AEA90515}
		{42E3D6A7-EF61-3949-976A-D378AF3E4542} = {42E3D6A7-EF61-3949-976A-D378AF3E4542}
	EndProjectSection
EndProject
Project("{8BC9CEB8-8B4A-11D0-8D11-00A0C91BC942}") = "icon", "tests\icon.vcxproj", "{6C57B828-6038-3473-91C8-5B7E87B5BBFB}"
	ProjectSection(ProjectDependencies) = postProject
		{6578A102-E29D-3465-92DB-5240AEA90515} = {6578A102-E29D-3465-92DB-5240AEA90515}
		{42E3D6A7-EF61-3949-976A-D378AF3E4542} = {42E3D6A7-EF61-3949-976A-D378AF3E4542}
	EndProjectSection
EndProject
Project("{8BC9CEB8-8B4A-11D0-8D11-00A0C91BC942}") = "iconify", "tests\iconify.vcxproj", "{04017F89-08F9-3A9B-8478-B349CB38836A}"
	ProjectSection(ProjectDependencies) = postProject
		{6578A102-E29D-3465-92DB-5240AEA90515} = {6578A102-E29D-3465-92DB-5240AEA90515}
		{42E3D6A7-EF61-3949-976A-D378AF3E4542} = {42E3D6A7-EF61-3949-976A-D378AF3E4542}
	EndProjectSection
EndProject
Project("{8BC9CEB8-8B4A-11D0-8D11-00A0C91BC942}") = "joysticks", "tests\joysticks.vcxproj", "{9F502441-0C26-3D24-A1F9-CF6C499F2E87}"
	ProjectSection(ProjectDependencies) = postProject
		{6578A102-E29D-3465-92DB-5240AEA90515} = {6578A102-E29D-3465-92DB-5240AEA90515}
		{42E3D6A7-EF61-3949-976A-D378AF3E4542} = {42E3D6A7-EF61-3949-976A-D378AF3E4542}
	EndProjectSection
EndProject
Project("{8BC9CEB8-8B4A-11D0-8D11-00A0C91BC942}") = "monitors", "tests\monitors.vcxproj", "{E7B9B691-F8AC-3B84-8289-720C7584F4BE}"
	ProjectSection(ProjectDependencies) = postProject
		{6578A102-E29D-3465-92DB-5240AEA90515} = {6578A102-E29D-3465-92DB-5240AEA90515}
		{42E3D6A7-EF61-3949-976A-D378AF3E4542} = {42E3D6A7-EF61-3949-976A-D378AF3E4542}
	EndProjectSection
EndProject
Project("{8BC9CEB8-8B4A-11D0-8D11-00A0C91BC942}") = "msaa", "tests\msaa.vcxproj", "{FE9A71BC-1291-3583-BE78-2141CDE2DF0C}"
	ProjectSection(ProjectDependencies) = postProject
		{6578A102-E29D-3465-92DB-5240AEA90515} = {6578A102-E29D-3465-92DB-5240AEA90515}
		{42E3D6A7-EF61-3949-976A-D378AF3E4542} = {42E3D6A7-EF61-3949-976A-D378AF3E4542}
	EndProjectSection
EndProject
Project("{8BC9CEB8-8B4A-11D0-8D11-00A0C91BC942}") = "particles", "examples\particles.vcxproj", "{DB5B59D1-CDF1-36DF-8FD6-54519AB066CD}"
	ProjectSection(ProjectDependencies) = postProject
		{6578A102-E29D-3465-92DB-5240AEA90515} = {6578A102-E29D-3465-92DB-5240AEA90515}
		{42E3D6A7-EF61-3949-976A-D378AF3E4542} = {42E3D6A7-EF61-3949-976A-D378AF3E4542}
	EndProjectSection
EndProject
Project("{8BC9CEB8-8B4A-11D0-8D11-00A0C91BC942}") = "reopen", "tests\reopen.vcxproj", "{DE02FCA5-E28D-30D6-81C9-AA76C8929F80}"
	ProjectSection(ProjectDependencies) = postProject
		{6578A102-E29D-3465-92DB-5240AEA90515} = {6578A102-E29D-3465-92DB-5240AEA90515}
		{42E3D6A7-EF61-3949-976A-D378AF3E4542} = {42E3D6A7-EF61-3949-976A-D378AF3E4542}
	EndProjectSection
EndProject
Project("{8BC9CEB8-8B4A-11D0-8D11-00A0C91BC942}") = "sharing", "tests\sharing.vcxproj", "{1F6EAE21-003E-3A37-B1C5-F7F4185FAD62}"
	ProjectSection(ProjectDependencies) = postProject
		{6578A102-E29D-3465-92DB-5240AEA90515} = {6578A102-E29D-3465-92DB-5240AEA90515}
		{42E3D6A7-EF61-3949-976A-D378AF3E4542} = {42E3D6A7-EF61-3949-976A-D378AF3E4542}
	EndProjectSection
EndProject
Project("{8BC9CEB8-8B4A-11D0-8D11-00A0C91BC942}") = "simple", "examples\simple.vcxproj", "{8DC27F55-33B4-3A22-8458-9A4A4B787D41}"
	ProjectSection(ProjectDependencies) = postProject
		{6578A102-E29D-3465-92DB-5240AEA90515} = {6578A102-E29D-3465-92DB-5240AEA90515}
		{42E3D6A7-EF61-3949-976A-D378AF3E4542} = {42E3D6A7-EF61-3949-976A-D378AF3E4542}
	EndProjectSection
EndProject
Project("{8BC9CEB8-8B4A-11D0-8D11-00A0C91BC942}") = "splitview", "examples\splitview.vcxproj", "{943CDA66-4D91-37FF-AD2D-46096299EA1C}"
	ProjectSection(ProjectDependencies) = postProject
		{6578A102-E29D-3465-92DB-5240AEA90515} = {6578A102-E29D-3465-92DB-5240AEA90515}
		{42E3D6A7-EF61-3949-976A-D378AF3E4542} = {42E3D6A7-EF61-3949-976A-D378AF3E4542}
	EndProjectSection
EndProject
Project("{8BC9CEB8-8B4A-11D0-8D11-00A0C91BC942}") = "tearing", "tests\tearing.vcxproj", "{8C24C6B2-62C5-34F9-9D7D-277D8B7B7709}"
	ProjectSection(ProjectDependencies) = postProject
		{6578A102-E29D-3465-92DB-5240AEA90515} = {6578A102-E29D-3465-92DB-5240AEA90515}
		{42E3D6A7-EF61-3949-976A-D378AF3E4542} = {42E3D6A7-EF61-3949-976A-D378AF3E4542}
	EndProjectSection
EndProject
Project("{8BC9CEB8-8B4A-11D0-8D11-00A0C91BC942}") = "threads", "tests\threads.vcxproj", "{1055DAAE-0E37-37B6-990C-AB7F4B73B433}"
	ProjectSection(ProjectDependencies) = postProject
		{6578A102-E29D-3465-92DB-5240AEA90515} = {6578A102-E29D-3465-92DB-5240AEA90515}
		{42E3D6A7-EF61-3949-976A-D378AF3E4542} = {42E3D6A7-EF61-3949-976A-D378AF3E4542}
	EndProjectSection
EndProject
Project("{8BC9CEB8-8B4A-11D0-8D11-00A0C91BC942}") = "timeout", "tests\timeout.vcxproj", "{2F4620D0-6D9A-31AF-ADD9-5FEEDC7AED0E}"
	ProjectSection(ProjectDependencies) = postProject
		{6578A102-E29D-3465-92DB-5240AEA90515} = {6578A102-E29D-3465-92DB-5240AEA90515}
		{42E3D6A7-EF61-3949-976A-D378AF3E4542} = {42E3D6A7-EF61-3949-976A-D378AF3E4542}
	EndProjectSection
EndProject
Project("{8BC9CEB8-8B4A-11D0-8D11-00A0C91BC942}") = "title", "tests\title.vcxproj", "{AE4EF6BF-E900-33F3-B9BD-30DC2CAA6A7D}"
	ProjectSection(ProjectDependencies) = postProject
		{6578A102-E29D-3465-92DB-5240AEA90515} = {6578A102-E29D-3465-92DB-5240AEA90515}
		{42E3D6A7-EF61-3949-976A-D378AF3E4542} = {42E3D6A7-EF61-3949-976A-D378AF3E4542}
	EndProjectSection
EndProject
Project("{8BC9CEB8-8B4A-11D0-8D11-00A0C91BC942}") = "uninstall", "uninstall.vcxproj", "{58B9FB40-3124-3E61-994B-2C9EC26C4061}"
	ProjectSection(ProjectDependencies) = postProject
		{6578A102-E29D-3465-92DB-5240AEA90515} = {6578A102-E29D-3465-92DB-5240AEA90515}
	EndProjectSection
EndProject
Project("{8BC9CEB8-8B4A-11D0-8D11-00A0C91BC942}") = "wave", "examples\wave.vcxproj", "{4CF78AAF-A951-3369-A4D8-3AF6175A5749}"
	ProjectSection(ProjectDependencies) = postProject
		{6578A102-E29D-3465-92DB-5240AEA90515} = {6578A102-E29D-3465-92DB-5240AEA90515}
		{42E3D6A7-EF61-3949-976A-D378AF3E4542} = {42E3D6A7-EF61-3949-976A-D378AF3E4542}
	EndProjectSection
EndProject
Project("{8BC9CEB8-8B4A-11D0-8D11-00A0C91BC942}") = "windows", "tests\windows.vcxproj", "{0B80D839-23FA-30F7-BBCD-974FE2C2156C}"
	ProjectSection(ProjectDependencies) = postProject
		{6578A102-E29D-3465-92DB-5240AEA90515} = {6578A102-E29D-3465-92DB-5240AEA90515}
		{42E3D6A7-EF61-3949-976A-D378AF3E4542} = {42E3D6A7-EF61-3949-976A-D378AF3E4542}
	EndProjectSection
EndProject
Global
	GlobalSection(SolutionConfigurationPlatforms) = preSolution
		Debug|Win32 = Debug|Win32
		Release|Win32 = Release|Win32
		MinSizeRel|Win32 = MinSizeRel|Win32
		RelWithDebInfo|Win32 = RelWithDebInfo|Win32
	EndGlobalSection
	GlobalSection(ProjectConfigurationPlatforms) = postSolution
		{106DD590-897A-380C-AFC9-A45D8CEC650B}.Debug|Win32.ActiveCfg = Debug|Win32
		{106DD590-897A-380C-AFC9-A45D8CEC650B}.Debug|Win32.Build.0 = Debug|Win32
		{106DD590-897A-380C-AFC9-A45D8CEC650B}.Release|Win32.ActiveCfg = Release|Win32
		{106DD590-897A-380C-AFC9-A45D8CEC650B}.Release|Win32.Build.0 = Release|Win32
		{106DD590-897A-380C-AFC9-A45D8CEC650B}.MinSizeRel|Win32.ActiveCfg = MinSizeRel|Win32
		{106DD590-897A-380C-AFC9-A45D8CEC650B}.MinSizeRel|Win32.Build.0 = MinSizeRel|Win32
		{106DD590-897A-380C-AFC9-A45D8CEC650B}.RelWithDebInfo|Win32.ActiveCfg = RelWithDebInfo|Win32
		{106DD590-897A-380C-AFC9-A45D8CEC650B}.RelWithDebInfo|Win32.Build.0 = RelWithDebInfo|Win32
		{D4E87190-88F1-3D6D-B73A-0C12AFB70E7A}.Debug|Win32.ActiveCfg = Debug|Win32
		{D4E87190-88F1-3D6D-B73A-0C12AFB70E7A}.Release|Win32.ActiveCfg = Release|Win32
		{D4E87190-88F1-3D6D-B73A-0C12AFB70E7A}.MinSizeRel|Win32.ActiveCfg = MinSizeRel|Win32
		{D4E87190-88F1-3D6D-B73A-0C12AFB70E7A}.RelWithDebInfo|Win32.ActiveCfg = RelWithDebInfo|Win32
		{6578A102-E29D-3465-92DB-5240AEA90515}.Debug|Win32.ActiveCfg = Debug|Win32
		{6578A102-E29D-3465-92DB-5240AEA90515}.Debug|Win32.Build.0 = Debug|Win32
		{6578A102-E29D-3465-92DB-5240AEA90515}.Release|Win32.ActiveCfg = Release|Win32
		{6578A102-E29D-3465-92DB-5240AEA90515}.Release|Win32.Build.0 = Release|Win32
		{6578A102-E29D-3465-92DB-5240AEA90515}.MinSizeRel|Win32.ActiveCfg = MinSizeRel|Win32
		{6578A102-E29D-3465-92DB-5240AEA90515}.MinSizeRel|Win32.Build.0 = MinSizeRel|Win32
		{6578A102-E29D-3465-92DB-5240AEA90515}.RelWithDebInfo|Win32.ActiveCfg = RelWithDebInfo|Win32
		{6578A102-E29D-3465-92DB-5240AEA90515}.RelWithDebInfo|Win32.Build.0 = RelWithDebInfo|Win32
		{5A0D2E36-FF1B-3776-891C-FF307DEE8176}.Debug|Win32.ActiveCfg = Debug|Win32
		{5A0D2E36-FF1B-3776-891C-FF307DEE8176}.Debug|Win32.Build.0 = Debug|Win32
		{5A0D2E36-FF1B-3776-891C-FF307DEE8176}.Release|Win32.ActiveCfg = Release|Win32
		{5A0D2E36-FF1B-3776-891C-FF307DEE8176}.Release|Win32.Build.0 = Release|Win32
		{5A0D2E36-FF1B-3776-891C-FF307DEE8176}.MinSizeRel|Win32.ActiveCfg = MinSizeRel|Win32
		{5A0D2E36-FF1B-3776-891C-FF307DEE8176}.MinSizeRel|Win32.Build.0 = MinSizeRel|Win32
		{5A0D2E36-FF1B-3776-891C-FF307DEE8176}.RelWithDebInfo|Win32.ActiveCfg = RelWithDebInfo|Win32
		{5A0D2E36-FF1B-3776-891C-FF307DEE8176}.RelWithDebInfo|Win32.Build.0 = RelWithDebInfo|Win32
		{38556C02-65C9-3D62-B450-FD531295130A}.Debug|Win32.ActiveCfg = Debug|Win32
		{38556C02-65C9-3D62-B450-FD531295130A}.Debug|Win32.Build.0 = Debug|Win32
		{38556C02-65C9-3D62-B450-FD531295130A}.Release|Win32.ActiveCfg = Release|Win32
		{38556C02-65C9-3D62-B450-FD531295130A}.Release|Win32.Build.0 = Release|Win32
		{38556C02-65C9-3D62-B450-FD531295130A}.MinSizeRel|Win32.ActiveCfg = MinSizeRel|Win32
		{38556C02-65C9-3D62-B450-FD531295130A}.MinSizeRel|Win32.Build.0 = MinSizeRel|Win32
		{38556C02-65C9-3D62-B450-FD531295130A}.RelWithDebInfo|Win32.ActiveCfg = RelWithDebInfo|Win32
		{38556C02-65C9-3D62-B450-FD531295130A}.RelWithDebInfo|Win32.Build.0 = RelWithDebInfo|Win32
		{1B25DC25-87FC-3365-864A-A321BAA9D54E}.Debug|Win32.ActiveCfg = Debug|Win32
		{1B25DC25-87FC-3365-864A-A321BAA9D54E}.Debug|Win32.Build.0 = Debug|Win32
		{1B25DC25-87FC-3365-864A-A321BAA9D54E}.Release|Win32.ActiveCfg = Release|Win32
		{1B25DC25-87FC-3365-864A-A321BAA9D54E}.Release|Win32.Build.0 = Release|Win32
		{1B25DC25-87FC-3365-864A-A321BAA9D54E}.MinSizeRel|Win32.ActiveCfg = MinSizeRel|Win32
		{1B25DC25-87FC-3365-864A-A321BAA9D54E}.MinSizeRel|Win32.Build.0 = MinSizeRel|Win32
		{1B25DC25-87FC-3365-864A-A321BAA9D54E}.RelWithDebInfo|Win32.ActiveCfg = RelWithDebInfo|Win32
		{1B25DC25-87FC-3365-864A-A321BAA9D54E}.RelWithDebInfo|Win32.Build.0 = RelWithDebInfo|Win32
		{7E3D09F1-D095-3BCC-AABD-947F76594201}.Debug|Win32.ActiveCfg = Debug|Win32
		{7E3D09F1-D095-3BCC-AABD-947F76594201}.Debug|Win32.Build.0 = Debug|Win32
		{7E3D09F1-D095-3BCC-AABD-947F76594201}.Release|Win32.ActiveCfg = Release|Win32
		{7E3D09F1-D095-3BCC-AABD-947F76594201}.Release|Win32.Build.0 = Release|Win32
		{7E3D09F1-D095-3BCC-AABD-947F76594201}.MinSizeRel|Win32.ActiveCfg = MinSizeRel|Win32
		{7E3D09F1-D095-3BCC-AABD-947F76594201}.MinSizeRel|Win32.Build.0 = MinSizeRel|Win32
		{7E3D09F1-D095-3BCC-AABD-947F76594201}.RelWithDebInfo|Win32.ActiveCfg = RelWithDebInfo|Win32
		{7E3D09F1-D095-3BCC-AABD-947F76594201}.RelWithDebInfo|Win32.Build.0 = RelWithDebInfo|Win32
		{79E6FC66-1DF5-3AFB-9F60-260621F9E21A}.Debug|Win32.ActiveCfg = Debug|Win32
		{79E6FC66-1DF5-3AFB-9F60-260621F9E21A}.Debug|Win32.Build.0 = Debug|Win32
		{79E6FC66-1DF5-3AFB-9F60-260621F9E21A}.Release|Win32.ActiveCfg = Release|Win32
		{79E6FC66-1DF5-3AFB-9F60-260621F9E21A}.Release|Win32.Build.0 = Release|Win32
		{79E6FC66-1DF5-3AFB-9F60-260621F9E21A}.MinSizeRel|Win32.ActiveCfg = MinSizeRel|Win32
		{79E6FC66-1DF5-3AFB-9F60-260621F9E21A}.MinSizeRel|Win32.Build.0 = MinSizeRel|Win32
		{79E6FC66-1DF5-3AFB-9F60-260621F9E21A}.RelWithDebInfo|Win32.ActiveCfg = RelWithDebInfo|Win32
		{79E6FC66-1DF5-3AFB-9F60-260621F9E21A}.RelWithDebInfo|Win32.Build.0 = RelWithDebInfo|Win32
		{7ECDB857-792C-302C-AD19-5058EDFB7002}.Debug|Win32.ActiveCfg = Debug|Win32
		{7ECDB857-792C-302C-AD19-5058EDFB7002}.Debug|Win32.Build.0 = Debug|Win32
		{7ECDB857-792C-302C-AD19-5058EDFB7002}.Release|Win32.ActiveCfg = Release|Win32
		{7ECDB857-792C-302C-AD19-5058EDFB7002}.Release|Win32.Build.0 = Release|Win32
		{7ECDB857-792C-302C-AD19-5058EDFB7002}.MinSizeRel|Win32.ActiveCfg = MinSizeRel|Win32
		{7ECDB857-792C-302C-AD19-5058EDFB7002}.MinSizeRel|Win32.Build.0 = MinSizeRel|Win32
		{7ECDB857-792C-302C-AD19-5058EDFB7002}.RelWithDebInfo|Win32.ActiveCfg = RelWithDebInfo|Win32
		{7ECDB857-792C-302C-AD19-5058EDFB7002}.RelWithDebInfo|Win32.Build.0 = RelWithDebInfo|Win32
		{4FE3F310-9D60-37FA-A099-7BC2DAE87AE1}.Debug|Win32.ActiveCfg = Debug|Win32
		{4FE3F310-9D60-37FA-A099-7BC2DAE87AE1}.Debug|Win32.Build.0 = Debug|Win32
		{4FE3F310-9D60-37FA-A099-7BC2DAE87AE1}.Release|Win32.ActiveCfg = Release|Win32
		{4FE3F310-9D60-37FA-A099-7BC2DAE87AE1}.Release|Win32.Build.0 = Release|Win32
		{4FE3F310-9D60-37FA-A099-7BC2DAE87AE1}.MinSizeRel|Win32.ActiveCfg = MinSizeRel|Win32
		{4FE3F310-9D60-37FA-A099-7BC2DAE87AE1}.MinSizeRel|Win32.Build.0 = MinSizeRel|Win32
		{4FE3F310-9D60-37FA-A099-7BC2DAE87AE1}.RelWithDebInfo|Win32.ActiveCfg = RelWithDebInfo|Win32
		{4FE3F310-9D60-37FA-A099-7BC2DAE87AE1}.RelWithDebInfo|Win32.Build.0 = RelWithDebInfo|Win32
		{42E3D6A7-EF61-3949-976A-D378AF3E4542}.Debug|Win32.ActiveCfg = Debug|Win32
		{42E3D6A7-EF61-3949-976A-D378AF3E4542}.Debug|Win32.Build.0 = Debug|Win32
		{42E3D6A7-EF61-3949-976A-D378AF3E4542}.Release|Win32.ActiveCfg = Release|Win32
		{42E3D6A7-EF61-3949-976A-D378AF3E4542}.Release|Win32.Build.0 = Release|Win32
		{42E3D6A7-EF61-3949-976A-D378AF3E4542}.MinSizeRel|Win32.ActiveCfg = MinSizeRel|Win32
		{42E3D6A7-EF61-3949-976A-D378AF3E4542}.MinSizeRel|Win32.Build.0 = MinSizeRel|Win32
		{42E3D6A7-EF61-3949-976A-D378AF3E4542}.RelWithDebInfo|Win32.ActiveCfg = RelWithDebInfo|Win32
		{42E3D6A7-EF61-3949-976A-D378AF3E4542}.RelWithDebInfo|Win32.Build.0 = RelWithDebInfo|Win32
		{5036221F-529D-3D5A-B0AD-38B78A1C7B06}.Debug|Win32.ActiveCfg = Debug|Win32
		{5036221F-529D-3D5A-B0AD-38B78A1C7B06}.Debug|Win32.Build.0 = Debug|Win32
		{5036221F-529D-3D5A-B0AD-38B78A1C7B06}.Release|Win32.ActiveCfg = Release|Win32
		{5036221F-529D-3D5A-B0AD-38B78A1C7B06}.Release|Win32.Build.0 = Release|Win32
		{5036221F-529D-3D5A-B0AD-38B78A1C7B06}.MinSizeRel|Win32.ActiveCfg = MinSizeRel|Win32
		{5036221F-529D-3D5A-B0AD-38B78A1C7B06}.MinSizeRel|Win32.Build.0 = MinSizeRel|Win32
		{5036221F-529D-3D5A-B0AD-38B78A1C7B06}.RelWithDebInfo|Win32.ActiveCfg = RelWithDebInfo|Win32
		{5036221F-529D-3D5A-B0AD-38B78A1C7B06}.RelWithDebInfo|Win32.Build.0 = RelWithDebInfo|Win32
		{773ACB6D-F6DD-38A1-B169-5B7CDABA4BC6}.Debug|Win32.ActiveCfg = Debug|Win32
		{773ACB6D-F6DD-38A1-B169-5B7CDABA4BC6}.Debug|Win32.Build.0 = Debug|Win32
		{773ACB6D-F6DD-38A1-B169-5B7CDABA4BC6}.Release|Win32.ActiveCfg = Release|Win32
		{773ACB6D-F6DD-38A1-B169-5B7CDABA4BC6}.Release|Win32.Build.0 = Release|Win32
		{773ACB6D-F6DD-38A1-B169-5B7CDABA4BC6}.MinSizeRel|Win32.ActiveCfg = MinSizeRel|Win32
		{773ACB6D-F6DD-38A1-B169-5B7CDABA4BC6}.MinSizeRel|Win32.Build.0 = MinSizeRel|Win32
		{773ACB6D-F6DD-38A1-B169-5B7CDABA4BC6}.RelWithDebInfo|Win32.ActiveCfg = RelWithDebInfo|Win32
		{773ACB6D-F6DD-38A1-B169-5B7CDABA4BC6}.RelWithDebInfo|Win32.Build.0 = RelWithDebInfo|Win32
		{6C57B828-6038-3473-91C8-5B7E87B5BBFB}.Debug|Win32.ActiveCfg = Debug|Win32
		{6C57B828-6038-3473-91C8-5B7E87B5BBFB}.Debug|Win32.Build.0 = Debug|Win32
		{6C57B828-6038-3473-91C8-5B7E87B5BBFB}.Release|Win32.ActiveCfg = Release|Win32
		{6C57B828-6038-3473-91C8-5B7E87B5BBFB}.Release|Win32.Build.0 = Release|Win32
		{6C57B828-6038-3473-91C8-5B7E87B5BBFB}.MinSizeRel|Win32.ActiveCfg = MinSizeRel|Win32
		{6C57B828-6038-3473-91C8-5B7E87B5BBFB}.MinSizeRel|Win32.Build.0 = MinSizeRel|Win32
		{6C57B828-6038-3473-91C8-5B7E87B5BBFB}.RelWithDebInfo|Win32.ActiveCfg = RelWithDebInfo|Win32
		{6C57B828-6038-3473-91C8-5B7E87B5BBFB}.RelWithDebInfo|Win32.Build.0 = RelWithDebInfo|Win32
		{04017F89-08F9-3A9B-8478-B349CB38836A}.Debug|Win32.ActiveCfg = Debug|Win32
		{04017F89-08F9-3A9B-8478-B349CB38836A}.Debug|Win32.Build.0 = Debug|Win32
		{04017F89-08F9-3A9B-8478-B349CB38836A}.Release|Win32.ActiveCfg = Release|Win32
		{04017F89-08F9-3A9B-8478-B349CB38836A}.Release|Win32.Build.0 = Release|Win32
		{04017F89-08F9-3A9B-8478-B349CB38836A}.MinSizeRel|Win32.ActiveCfg = MinSizeRel|Win32
		{04017F89-08F9-3A9B-8478-B349CB38836A}.MinSizeRel|Win32.Build.0 = MinSizeRel|Win32
		{04017F89-08F9-3A9B-8478-B349CB38836A}.RelWithDebInfo|Win32.ActiveCfg = RelWithDebInfo|Win32
		{04017F89-08F9-3A9B-8478-B349CB38836A}.RelWithDebInfo|Win32.Build.0 = RelWithDebInfo|Win32
		{9F502441-0C26-3D24-A1F9-CF6C499F2E87}.Debug|Win32.ActiveCfg = Debug|Win32
		{9F502441-0C26-3D24-A1F9-CF6C499F2E87}.Debug|Win32.Build.0 = Debug|Win32
		{9F502441-0C26-3D24-A1F9-CF6C499F2E87}.Release|Win32.ActiveCfg = Release|Win32
		{9F502441-0C26-3D24-A1F9-CF6C499F2E87}.Release|Win32.Build.0 = Release|Win32
		{9F502441-0C26-3D24-A1F9-CF6C499F2E87}.MinSizeRel|Win32.ActiveCfg = MinSizeRel|Win32
		{9F502441-0C26-3D24-A1F9-CF6C499F2E87}.MinSizeRel|Win32.Build.0 = MinSizeRel|Win32
		{9F502441-0C26-3D24-A1F9-CF6C499F2E87}.RelWithDebInfo|Win32.ActiveCfg = RelWithDebInfo|Win32
		{9F502441-0C26-3D24-A1F9-CF6C499F2E87}.RelWithDebInfo|Win32.Build.0 = RelWithDebInfo|Win32
		{E7B9B691-F8AC-3B84-8289-720C7584F4BE}.Debug|Win32.ActiveCfg = Debug|Win32
		{E7B9B691-F8AC-3B84-8289-720C7584F4BE}.Debug|Win32.Build.0 = Debug|Win32
		{E7B9B691-F8AC-3B84-8289-720C7584F4BE}.Release|Win32.ActiveCfg = Release|Win32
		{E7B9B691-F8AC-3B84-8289-720C7584F4BE}.Release|Win32.Build.0 = Release|Win32
		{E7B9B691-F8AC-3B84-8289-720C7584F4BE}.MinSizeRel|Win32.ActiveCfg = MinSizeRel|Win32
		{E7B9B691-F8AC-3B84-8289-720C7584F4BE}.MinSizeRel|Win32.Build.0 = MinSizeRel|Win32
		{E7B9B691-F8AC-3B84-8289-720C7584F4BE}.RelWithDebInfo|Win32.ActiveCfg = RelWithDebInfo|Win32
		{E7B9B691-F8AC-3B84-8289-720C7584F4BE}.RelWithDebInfo|Win32.Build.0 = RelWithDebInfo|Win32
		{FE9A71BC-1291-3583-BE78-2141CDE2DF0C}.Debug|Win32.ActiveCfg = Debug|Win32
		{FE9A71BC-1291-3583-BE78-2141CDE2DF0C}.Debug|Win32.Build.0 = Debug|Win32
		{FE9A71BC-1291-3583-BE78-2141CDE2DF0C}.Release|Win32.ActiveCfg = Release|Win32
		{FE9A71BC-1291-3583-BE78-2141CDE2DF0C}.Release|Win32.Build.0 = Release|Win32
		{FE9A71BC-1291-3583-BE78-2141CDE2DF0C}.MinSizeRel|Win32.ActiveCfg = MinSizeRel|Win32
		{FE9A71BC-1291-3583-BE78-2141CDE2DF0C}.MinSizeRel|Win32.Build.0 = MinSizeRel|Win32
		{FE9A71BC-1291-3583-BE78-2141CDE2DF0C}.RelWithDebInfo|Win32.ActiveCfg = RelWithDebInfo|Win32
		{FE9A71BC-1291-3583-BE78-2141CDE2DF0C}.RelWithDebInfo|Win32.Build.0 = RelWithDebInfo|Win32
		{DB5B59D1-CDF1-36DF-8FD6-54519AB066CD}.Debug|Win32.ActiveCfg = Debug|Win32
		{DB5B59D1-CDF1-36DF-8FD6-54519AB066CD}.Debug|Win32.Build.0 = Debug|Win32
		{DB5B59D1-CDF1-36DF-8FD6-54519AB066CD}.Release|Win32.ActiveCfg = Release|Win32
		{DB5B59D1-CDF1-36DF-8FD6-54519AB066CD}.Release|Win32.Build.0 = Release|Win32
		{DB5B59D1-CDF1-36DF-8FD6-54519AB066CD}.MinSizeRel|Win32.ActiveCfg = MinSizeRel|Win32
		{DB5B59D1-CDF1-36DF-8FD6-54519AB066CD}.MinSizeRel|Win32.Build.0 = MinSizeRel|Win32
		{DB5B59D1-CDF1-36DF-8FD6-54519AB066CD}.RelWithDebInfo|Win32.ActiveCfg = RelWithDebInfo|Win32
		{DB5B59D1-CDF1-36DF-8FD6-54519AB066CD}.RelWithDebInfo|Win32.Build.0 = RelWithDebInfo|Win32
		{DE02FCA5-E28D-30D6-81C9-AA76C8929F80}.Debug|Win32.ActiveCfg = Debug|Win32
		{DE02FCA5-E28D-30D6-81C9-AA76C8929F80}.Debug|Win32.Build.0 = Debug|Win32
		{DE02FCA5-E28D-30D6-81C9-AA76C8929F80}.Release|Win32.ActiveCfg = Release|Win32
		{DE02FCA5-E28D-30D6-81C9-AA76C8929F80}.Release|Win32.Build.0 = Release|Win32
		{DE02FCA5-E28D-30D6-81C9-AA76C8929F80}.MinSizeRel|Win32.ActiveCfg = MinSizeRel|Win32
		{DE02FCA5-E28D-30D6-81C9-AA76C8929F80}.MinSizeRel|Win32.Build.0 = MinSizeRel|Win32
		{DE02FCA5-E28D-30D6-81C9-AA76C8929F80}.RelWithDebInfo|Win32.ActiveCfg = RelWithDebInfo|Win32
		{DE02FCA5-E28D-30D6-81C9-AA76C8929F80}.RelWithDebInfo|Win32.Build.0 = RelWithDebInfo|Win32
		{1F6EAE21-003E-3A37-B1C5-F7F4185FAD62}.Debug|Win32.ActiveCfg = Debug|Win32
		{1F6EAE21-003E-3A37-B1C5-F7F4185FAD62}.Debug|Win32.Build.0 = Debug|Win32
		{1F6EAE21-003E-3A37-B1C5-F7F4185FAD62}.Release|Win32.ActiveCfg = Release|Win32
		{1F6EAE21-003E-3A37-B1C5-F7F4185FAD62}.Release|Win32.Build.0 = Release|Win32
		{1F6EAE21-003E-3A37-B1C5-F7F4185FAD62}.MinSizeRel|Win32.ActiveCfg = MinSizeRel|Win32
		{1F6EAE21-003E-3A37-B1C5-F7F4185FAD62}.MinSizeRel|Win32.Build.0 = MinSizeRel|Win32
		{1F6EAE21-003E-3A37-B1C5-F7F4185FAD62}.RelWithDebInfo|Win32.ActiveCfg = RelWithDebInfo|Win32
		{1F6EAE21-003E-3A37-B1C5-F7F4185FAD62}.RelWithDebInfo|Win32.Build.0 = RelWithDebInfo|Win32
		{8DC27F55-33B4-3A22-8458-9A4A4B787D41}.Debug|Win32.ActiveCfg = Debug|Win32
		{8DC27F55-33B4-3A22-8458-9A4A4B787D41}.Debug|Win32.Build.0 = Debug|Win32
		{8DC27F55-33B4-3A22-8458-9A4A4B787D41}.Release|Win32.ActiveCfg = Release|Win32
		{8DC27F55-33B4-3A22-8458-9A4A4B787D41}.Release|Win32.Build.0 = Release|Win32
		{8DC27F55-33B4-3A22-8458-9A4A4B787D41}.MinSizeRel|Win32.ActiveCfg = MinSizeRel|Win32
		{8DC27F55-33B4-3A22-8458-9A4A4B787D41}.MinSizeRel|Win32.Build.0 = MinSizeRel|Win32
		{8DC27F55-33B4-3A22-8458-9A4A4B787D41}.RelWithDebInfo|Win32.ActiveCfg = RelWithDebInfo|Win32
		{8DC27F55-33B4-3A22-8458-9A4A4B787D41}.RelWithDebInfo|Win32.Build.0 = RelWithDebInfo|Win32
		{943CDA66-4D91-37FF-AD2D-46096299EA1C}.Debug|Win32.ActiveCfg = Debug|Win32
		{943CDA66-4D91-37FF-AD2D-46096299EA1C}.Debug|Win32.Build.0 = Debug|Win32
		{943CDA66-4D91-37FF-AD2D-46096299EA1C}.Release|Win32.ActiveCfg = Release|Win32
		{943CDA66-4D91-37FF-AD2D-46096299EA1C}.Release|Win32.Build.0 = Release|Win32
		{943CDA66-4D91-37FF-AD2D-46096299EA1C}.MinSizeRel|Win32.ActiveCfg = MinSizeRel|Win32
		{943CDA66-4D91-37FF-AD2D-46096299EA1C}.MinSizeRel|Win32.Build.0 = MinSizeRel|Win32
		{943CDA66-4D91-37FF-AD2D-46096299EA1C}.RelWithDebInfo|Win32.ActiveCfg = RelWithDebInfo|Win32
		{943CDA66-4D91-37FF-AD2D-46096299EA1C}.RelWithDebInfo|Win32.Build.0 = RelWithDebInfo|Win32
		{8C24C6B2-62C5-34F9-9D7D-277D8B7B7709}.Debug|Win32.ActiveCfg = Debug|Win32
		{8C24C6B2-62C5-34F9-9D7D-277D8B7B7709}.Debug|Win32.Build.0 = Debug|Win32
		{8C24C6B2-62C5-34F9-9D7D-277D8B7B7709}.Release|Win32.ActiveCfg = Release|Win32
		{8C24C6B2-62C5-34F9-9D7D-277D8B7B7709}.Release|Win32.Build.0 = Release|Win32
		{8C24C6B2-62C5-34F9-9D7D-277D8B7B7709}.MinSizeRel|Win32.ActiveCfg = MinSizeRel|Win32
		{8C24C6B2-62C5-34F9-9D7D-277D8B7B7709}.MinSizeRel|Win32.Build.0 = MinSizeRel|Win32
		{8C24C6B2-62C5-34F9-9D7D-277D8B7B7709}.RelWithDebInfo|Win32.ActiveCfg = RelWithDebInfo|Win32
		{8C24C6B2-62C5-34F9-9D7D-277D8B7B7709}.RelWithDebInfo|Win32.Build.0 = RelWithDebInfo|Win32
		{1055DAAE-0E37-37B6-990C-AB7F4B73B433}.Debug|Win32.ActiveCfg = Debug|Win32
		{1055DAAE-0E37-37B6-990C-AB7F4B73B433}.Debug|Win32.Build.0 = Debug|Win32
		{1055DAAE-0E37-37B6-990C-AB7F4B73B433}.Release|Win32.ActiveCfg = Release|Win32
		{1055DAAE-0E37-37B6-990C-AB7F4B73B433}.Release|Win32.Build.0 = Release|Win32
		{1055DAAE-0E37-37B6-990C-AB7F4B73B433}.MinSizeRel|Win32.ActiveCfg = MinSizeRel|Win32
		{1055DAAE-0E37-37B6-990C-AB7F4B73B433}.MinSizeRel|Win32.Build.0 = MinSizeRel|Win32
		{1055DAAE-0E37-37B6-990C-AB7F4B73B433}.RelWithDebInfo|Win32.ActiveCfg = RelWithDebInfo|Win32
		{1055DAAE-0E37-37B6-990C-AB7F4B73B433}.RelWithDebInfo|Win32.Build.0 = RelWithDebInfo|Win32
		{2F4620D0-6D9A-31AF-ADD9-5FEEDC7AED0E}.Debug|Win32.ActiveCfg = Debug|Win32
		{2F4620D0-6D9A-31AF-ADD9-5FEEDC7AED0E}.Debug|Win32.Build.0 = Debug|Win32
		{2F4620D0-6D9A-31AF-ADD9-5FEEDC7AED0E}.Release|Win32.ActiveCfg = Release|Win32
		{2F4620D0-6D9A-31AF-ADD9-5FEEDC7AED0E}.Release|Win32.Build.0 = Release|Win32
		{2F4620D0-6D9A-31AF-ADD9-5FEEDC7AED0E}.MinSizeRel|Win32.ActiveCfg = MinSizeRel|Win32
		{2F4620D0-6D9A-31AF-ADD9-5FEEDC7AED0E}.MinSizeRel|Win32.Build.0 = MinSizeRel|Win32
		{2F4620D0-6D9A-31AF-ADD9-5FEEDC7AED0E}.RelWithDebInfo|Win32.ActiveCfg = RelWithDebInfo|Win32
		{2F4620D0-6D9A-31AF-ADD9-5FEEDC7AED0E}.RelWithDebInfo|Win32.Build.0 = RelWithDebInfo|Win32
		{AE4EF6BF-E900-33F3-B9BD-30DC2CAA6A7D}.Debug|Win32.ActiveCfg = Debug|Win32
		{AE4EF6BF-E900-33F3-B9BD-30DC2CAA6A7D}.Debug|Win32.Build.0 = Debug|Win32
		{AE4EF6BF-E900-33F3-B9BD-30DC2CAA6A7D}.Release|Win32.ActiveCfg = Release|Win32
		{AE4EF6BF-E900-33F3-B9BD-30DC2CAA6A7D}.Release|Win32.Build.0 = Release|Win32
		{AE4EF6BF-E900-33F3-B9BD-30DC2CAA6A7D}.MinSizeRel|Win32.ActiveCfg = MinSizeRel|Win32
		{AE4EF6BF-E900-33F3-B9BD-30DC2CAA6A7D}.MinSizeRel|Win32.Build.0 = MinSizeRel|Win32
		{AE4EF6BF-E900-33F3-B9BD-30DC2CAA6A7D}.RelWithDebInfo|Win32.ActiveCfg = RelWithDebInfo|Win32
		{AE4EF6BF-E900-33F3-B9BD-30DC2CAA6A7D}.RelWithDebInfo|Win32.Build.0 = RelWithDebInfo|Win32
		{58B9FB40-3124-3E61-994B-2C9EC26C4061}.Debug|Win32.ActiveCfg = Debug|Win32
		{58B9FB40-3124-3E61-994B-2C9EC26C4061}.Release|Win32.ActiveCfg = Release|Win32
		{58B9FB40-3124-3E61-994B-2C9EC26C4061}.MinSizeRel|Win32.ActiveCfg = MinSizeRel|Win32
		{58B9FB40-3124-3E61-994B-2C9EC26C4061}.RelWithDebInfo|Win32.ActiveCfg = RelWithDebInfo|Win32
		{4CF78AAF-A951-3369-A4D8-3AF6175A5749}.Debug|Win32.ActiveCfg = Debug|Win32
		{4CF78AAF-A951-3369-A4D8-3AF6175A5749}.Debug|Win32.Build.0 = Debug|Win32
		{4CF78AAF-A951-3369-A4D8-3AF6175A5749}.Release|Win32.ActiveCfg = Release|Win32
		{4CF78AAF-A951-3369-A4D8-3AF6175A5749}.Release|Win32.Build.0 = Release|Win32
		{4CF78AAF-A951-3369-A4D8-3AF6175A5749}.MinSizeRel|Win32.ActiveCfg = MinSizeRel|Win32
		{4CF78AAF-A951-3369-A4D8-3AF6175A5749}.MinSizeRel|Win32.Build.0 = MinSizeRel|Win32
		{4CF78AAF-A951-3369-A4D8-3AF6175A5749}.RelWithDebInfo|Win32.ActiveCfg = RelWithDebInfo|Win32
		{4CF78AAF-A951-3369-A4D8-3AF6175A5749}.RelWithDebInfo|Win32.Build.0 = RelWithDebInfo|Win32
		{0B80D839-23FA-30F7-BBCD-974FE2C2156C}.Debug|Win32.ActiveCfg = Debug|Win32
		{0B80D839-23FA-30F7-BBCD-974FE2C2156C}.Debug|Win32.Build.0 = Debug|Win32
		{0B80D839-23FA-30F7-BBCD-974FE2C2156C}.Release|Win32.ActiveCfg = Release|Win32
		{0B80D839-23FA-30F7-BBCD-974FE2C2156C}.Release|Win32.Build.0 = Release|Win32
		{0B80D839-23FA-30F7-BBCD-974FE2C2156C}.MinSizeRel|Win32.ActiveCfg = MinSizeRel|Win32
		{0B80D839-23FA-30F7-BBCD-974FE2C2156C}.MinSizeRel|Win32.Build.0 = MinSizeRel|Win32
		{0B80D839-23FA-30F7-BBCD-974FE2C2156C}.RelWithDebInfo|Win32.ActiveCfg = RelWithDebInfo|Win32
		{0B80D839-23FA-30F7-BBCD-974FE2C2156C}.RelWithDebInfo|Win32.Build.0 = RelWithDebInfo|Win32
	EndGlobalSection
	GlobalSection(NestedProjects) = preSolution
		{106DD590-897A-380C-AFC9-A45D8CEC650B} = {9B2E367A-3882-32CB-8EDA-9555F0886CFD}
		{D4E87190-88F1-3D6D-B73A-0C12AFB70E7A} = {9B2E367A-3882-32CB-8EDA-9555F0886CFD}
		{6578A102-E29D-3465-92DB-5240AEA90515} = {9B2E367A-3882-32CB-8EDA-9555F0886CFD}
		{CACA8379-E3E0-3B2B-B791-A32117229F11} = {BE0F34DB-042B-3B82-9B3C-727F0EA04AE1}
		{579C51AD-6EAD-3D70-9514-6B091EC57D07} = {BE0F34DB-042B-3B82-9B3C-727F0EA04AE1}
		{42E3D6A7-EF61-3949-976A-D378AF3E4542} = {BE0F34DB-042B-3B82-9B3C-727F0EA04AE1}
		{5A0D2E36-FF1B-3776-891C-FF307DEE8176} = {CACA8379-E3E0-3B2B-B791-A32117229F11}
		{4FE3F310-9D60-37FA-A099-7BC2DAE87AE1} = {CACA8379-E3E0-3B2B-B791-A32117229F11}
		{773ACB6D-F6DD-38A1-B169-5B7CDABA4BC6} = {CACA8379-E3E0-3B2B-B791-A32117229F11}
		{DB5B59D1-CDF1-36DF-8FD6-54519AB066CD} = {CACA8379-E3E0-3B2B-B791-A32117229F11}
		{8DC27F55-33B4-3A22-8458-9A4A4B787D41} = {CACA8379-E3E0-3B2B-B791-A32117229F11}
		{943CDA66-4D91-37FF-AD2D-46096299EA1C} = {CACA8379-E3E0-3B2B-B791-A32117229F11}
		{4CF78AAF-A951-3369-A4D8-3AF6175A5749} = {CACA8379-E3E0-3B2B-B791-A32117229F11}
		{38556C02-65C9-3D62-B450-FD531295130A} = {579C51AD-6EAD-3D70-9514-6B091EC57D07}
		{1B25DC25-87FC-3365-864A-A321BAA9D54E} = {579C51AD-6EAD-3D70-9514-6B091EC57D07}
		{7E3D09F1-D095-3BCC-AABD-947F76594201} = {579C51AD-6EAD-3D70-9514-6B091EC57D07}
		{79E6FC66-1DF5-3AFB-9F60-260621F9E21A} = {579C51AD-6EAD-3D70-9514-6B091EC57D07}
		{7ECDB857-792C-302C-AD19-5058EDFB7002} = {579C51AD-6EAD-3D70-9514-6B091EC57D07}
		{5036221F-529D-3D5A-B0AD-38B78A1C7B06} = {579C51AD-6EAD-3D70-9514-6B091EC57D07}
		{6C57B828-6038-3473-91C8-5B7E87B5BBFB} = {579C51AD-6EAD-3D70-9514-6B091EC57D07}
		{04017F89-08F9-3A9B-8478-B349CB38836A} = {579C51AD-6EAD-3D70-9514-6B091EC57D07}
		{9F502441-0C26-3D24-A1F9-CF6C499F2E87} = {579C51AD-6EAD-3D70-9514-6B091EC57D07}
		{E7B9B691-F8AC-3B84-8289-720C7584F4BE} = {579C51AD-6EAD-3D70-9514-6B091EC57D07}
		{FE9A71BC-1291-3583-BE78-2141CDE2DF0C} = {579C51AD-6EAD-3D70-9514-6B091EC57D07}
		{DE02FCA5-E28D-30D6-81C9-AA76C8929F80} = {579C51AD-6EAD-3D70-9514-6B091EC57D07}
		{1F6EAE21-003E-3A37-B1C5-F7F4185FAD62} = {579C51AD-6EAD-3D70-9514-6B091EC57D07}
		{8C24C6B2-62C5-34F9-9D7D-277D8B7B7709} = {579C51AD-6EAD-3D70-9514-6B091EC57D07}
		{1055DAAE-0E37-37B6-990C-AB7F4B73B433} = {579C51AD-6EAD-3D70-9514-6B091EC57D07}
		{2F4620D0-6D9A-31AF-ADD9-5FEEDC7AED0E} = {579C51AD-6EAD-3D70-9514-6B091EC57D07}
		{AE4EF6BF-E900-33F3-B9BD-30DC2CAA6A7D} = {579C51AD-6EAD-3D70-9514-6B091EC57D07}
		{0B80D839-23FA-30F7-BBCD-974FE2C2156C} = {579C51AD-6EAD-3D70-9514-6B091EC57D07}
	EndGlobalSection
	GlobalSection(ExtensibilityGlobals) = postSolution
		SolutionGuid = {E7431883-7C70-3B74-BE1B-3A56A958E3EB}
	EndGlobalSection
	GlobalSection(ExtensibilityAddIns) = postSolution
	EndGlobalSection
EndGlobal
