Microsoft Visual Studio Solution File, Format Version 12.00
# Visual Studio 15
Project("{2150E333-8FDC-42A3-9474-1A3956D46DE8}") = "CMakePredefinedTargets", "CMakePredefinedTargets", "{7ADA6046-7F03-3F41-9E00-360B02CB5B59}"
EndProject
Project("{2150E333-8FDC-42A3-9474-1A3956D46DE8}") = "GLFW3", "GLFW3", "{760E44CC-448A-3706-BB22-CB2BD118E2F1}"
EndProject
Project("{2150E333-8FDC-42A3-9474-1A3956D46DE8}") = "Examples", "GLFW3\Examples", "{B4F962D2-D135-3B80-8051-52911444B4D7}"
EndProject
Project("{2150E333-8FDC-42A3-9474-1A3956D46DE8}") = "Tests", "GLFW3\Tests", "{F2FAE5CF-B082-3148-A98E-A22928149113}"
EndProject
Project("{8BC9CEB8-8B4A-11D0-8D11-00A0C91BC942}") = "ALL_BUILD", "ALL_BUILD.vcxproj", "{49D8E322-3A8E-3A9C-861D-78762780B166}"
	ProjectSection(ProjectDependencies) = postProject
		{63E0EB26-582B-3CCC-B7AD-33EB7F2EC019} = {63E0EB26-582B-3CCC-B7AD-33EB7F2EC019}
		{1E353B35-85C7-335D-BE21-45FCD1CBD6E2} = {1E353B35-85C7-335D-BE21-45FCD1CBD6E2}
		{E4835CCB-FECE-3D5F-ADA0-DD2A16AC615E} = {E4835CCB-FECE-3D5F-ADA0-DD2A16AC615E}
		{C3568B4C-089C-3CE0-8145-F0D8D9F9615D} = {C3568B4C-089C-3CE0-8145-F0D8D9F9615D}
		{46903BC2-C97D-3764-9395-D866E1A749A8} = {46903BC2-C97D-3764-9395-D866E1A749A8}
		{34DCF320-C573-3340-B772-DB97AD229E62} = {34DCF320-C573-3340-B772-DB97AD229E62}
		{4E8CC77F-70DF-3D79-A552-CF4A3129C093} = {4E8CC77F-70DF-3D79-A552-CF4A3129C093}
		{99CE6E19-8945-3236-876B-72DA7A4B9AD6} = {99CE6E19-8945-3236-876B-72DA7A4B9AD6}
		{FE09D17A-7A7F-322E-9A82-7473059B0162} = {FE09D17A-7A7F-322E-9A82-7473059B0162}
		{33E94DC9-51EF-3C42-BEF7-1A11C43E97E5} = {33E94DC9-51EF-3C42-BEF7-1A11C43E97E5}
		{66EE2DFD-C11E-38F9-A61B-DE1C5B0B81A7} = {66EE2DFD-C11E-38F9-A61B-DE1C5B0B81A7}
		{4304A22D-080C-3ED2-815A-04FD5A705CD5} = {4304A22D-080C-3ED2-815A-04FD5A705CD5}
		{8DB028AA-C945-3C6A-9DBE-CA0B5AC740D9} = {8DB028AA-C945-3C6A-9DBE-CA0B5AC740D9}
		{69F9ADDB-2EE1-3F02-BF0E-EEBA8DE29835} = {69F9ADDB-2EE1-3F02-BF0E-EEBA8DE29835}
		{0833D11A-1552-3EF0-95CB-E07C724925EE} = {0833D11A-1552-3EF0-95CB-E07C724925EE}
		{DB32635E-AF10-33F1-BA60-549FFDA4ECE5} = {DB32635E-AF10-33F1-BA60-549FFDA4ECE5}
		{C0F3DCA8-3FAF-3DE8-8D5F-C7667D440F88} = {C0F3DCA8-3FAF-3DE8-8D5F-C7667D440F88}
		{6AECC86D-3428-3C5F-B319-E74FC262E46A} = {6AECC86D-3428-3C5F-B319-E74FC262E46A}
		{AA310AF6-FA9D-3802-9CCA-986CB0CE0365} = {AA310AF6-FA9D-3802-9CCA-986CB0CE0365}
		{06A53973-C57E-3B17-AD24-802E8453C324} = {06A53973-C57E-3B17-AD24-802E8453C324}
		{52FFD3F1-A089-3A7E-A0CF-50EF78739DA3} = {52FFD3F1-A089-3A7E-A0CF-50EF78739DA3}
		{8D04E543-63DF-30F3-9777-5EC7F388631B} = {8D04E543-63DF-30F3-9777-5EC7F388631B}
		{B104238C-6F8A-316C-A32F-61B54B417079} = {B104238C-6F8A-316C-A32F-61B54B417079}
		{D12C311D-8066-3E85-8A72-56A596908F04} = {D12C311D-8066-3E85-8A72-56A596908F04}
		{ED3A02BF-76E7-3488-910C-2ADB15F6874C} = {ED3A02BF-76E7-3488-910C-2ADB15F6874C}
		{B4DFE9F8-6927-3E0F-91E8-35D0BFDBCA2B} = {B4DFE9F8-6927-3E0F-91E8-35D0BFDBCA2B}
		{F2CB4A3F-102D-33A4-92DD-D3D9ABA5B2DC} = {F2CB4A3F-102D-33A4-92DD-D3D9ABA5B2DC}
	EndProjectSection
EndProject
Project("{8BC9CEB8-8B4A-11D0-8D11-00A0C91BC942}") = "INSTALL", "INSTALL.vcxproj", "{A71A1891-CE32-35D8-A992-3692E59C0A6E}"
	ProjectSection(ProjectDependencies) = postProject
		{49D8E322-3A8E-3A9C-861D-78762780B166} = {49D8E322-3A8E-3A9C-861D-78762780B166}
		{63E0EB26-582B-3CCC-B7AD-33EB7F2EC019} = {63E0EB26-582B-3CCC-B7AD-33EB7F2EC019}
	EndProjectSection
EndProject
Project("{8BC9CEB8-8B4A-11D0-8D11-00A0C91BC942}") = "ZERO_CHECK", "ZERO_CHECK.vcxproj", "{63E0EB26-582B-3CCC-B7AD-33EB7F2EC019}"
	ProjectSection(ProjectDependencies) = postProject
	EndProjectSection
EndProject
Project("{8BC9CEB8-8B4A-11D0-8D11-00A0C91BC942}") = "boing", "examples\boing.vcxproj", "{1E353B35-85C7-335D-BE21-45FCD1CBD6E2}"
	ProjectSection(ProjectDependencies) = postProject
		{63E0EB26-582B-3CCC-B7AD-33EB7F2EC019} = {63E0EB26-582B-3CCC-B7AD-33EB7F2EC019}
		{FE09D17A-7A7F-322E-9A82-7473059B0162} = {FE09D17A-7A7F-322E-9A82-7473059B0162}
	EndProjectSection
EndProject
Project("{8BC9CEB8-8B4A-11D0-8D11-00A0C91BC942}") = "clipboard", "tests\clipboard.vcxproj", "{E4835CCB-FECE-3D5F-ADA0-DD2A16AC615E}"
	ProjectSection(ProjectDependencies) = postProject
		{63E0EB26-582B-3CCC-B7AD-33EB7F2EC019} = {63E0EB26-582B-3CCC-B7AD-33EB7F2EC019}
		{FE09D17A-7A7F-322E-9A82-7473059B0162} = {FE09D17A-7A7F-322E-9A82-7473059B0162}
	EndProjectSection
EndProject
Project("{8BC9CEB8-8B4A-11D0-8D11-00A0C91BC942}") = "cursor", "tests\cursor.vcxproj", "{C3568B4C-089C-3CE0-8145-F0D8D9F9615D}"
	ProjectSection(ProjectDependencies) = postProject
		{63E0EB26-582B-3CCC-B7AD-33EB7F2EC019} = {63E0EB26-582B-3CCC-B7AD-33EB7F2EC019}
		{FE09D17A-7A7F-322E-9A82-7473059B0162} = {FE09D17A-7A7F-322E-9A82-7473059B0162}
	EndProjectSection
EndProject
Project("{8BC9CEB8-8B4A-11D0-8D11-00A0C91BC942}") = "empty", "tests\empty.vcxproj", "{46903BC2-C97D-3764-9395-D866E1A749A8}"
	ProjectSection(ProjectDependencies) = postProject
		{63E0EB26-582B-3CCC-B7AD-33EB7F2EC019} = {63E0EB26-582B-3CCC-B7AD-33EB7F2EC019}
		{FE09D17A-7A7F-322E-9A82-7473059B0162} = {FE09D17A-7A7F-322E-9A82-7473059B0162}
	EndProjectSection
EndProject
Project("{8BC9CEB8-8B4A-11D0-8D11-00A0C91BC942}") = "events", "tests\events.vcxproj", "{34DCF320-C573-3340-B772-DB97AD229E62}"
	ProjectSection(ProjectDependencies) = postProject
		{63E0EB26-582B-3CCC-B7AD-33EB7F2EC019} = {63E0EB26-582B-3CCC-B7AD-33EB7F2EC019}
		{FE09D17A-7A7F-322E-9A82-7473059B0162} = {FE09D17A-7A7F-322E-9A82-7473059B0162}
	EndProjectSection
EndProject
Project("{8BC9CEB8-8B4A-11D0-8D11-00A0C91BC942}") = "gamma", "tests\gamma.vcxproj", "{4E8CC77F-70DF-3D79-A552-CF4A3129C093}"
	ProjectSection(ProjectDependencies) = postProject
		{63E0EB26-582B-3CCC-B7AD-33EB7F2EC019} = {63E0EB26-582B-3CCC-B7AD-33EB7F2EC019}
		{FE09D17A-7A7F-322E-9A82-7473059B0162} = {FE09D17A-7A7F-322E-9A82-7473059B0162}
	EndProjectSection
EndProject
Project("{8BC9CEB8-8B4A-11D0-8D11-00A0C91BC942}") = "gears", "examples\gears.vcxproj", "{99CE6E19-8945-3236-876B-72DA7A4B9AD6}"
	ProjectSection(ProjectDependencies) = postProject
		{63E0EB26-582B-3CCC-B7AD-33EB7F2EC019} = {63E0EB26-582B-3CCC-B7AD-33EB7F2EC019}
		{FE09D17A-7A7F-322E-9A82-7473059B0162} = {FE09D17A-7A7F-322E-9A82-7473059B0162}
	EndProjectSection
EndProject
Project("{8BC9CEB8-8B4A-11D0-8D11-00A0C91BC942}") = "glfw", "src\glfw.vcxproj", "{FE09D17A-7A7F-322E-9A82-7473059B0162}"
	ProjectSection(ProjectDependencies) = postProject
		{63E0EB26-582B-3CCC-B7AD-33EB7F2EC019} = {63E0EB26-582B-3CCC-B7AD-33EB7F2EC019}
	EndProjectSection
EndProject
Project("{8BC9CEB8-8B4A-11D0-8D11-00A0C91BC942}") = "glfwinfo", "tests\glfwinfo.vcxproj", "{33E94DC9-51EF-3C42-BEF7-1A11C43E97E5}"
	ProjectSection(ProjectDependencies) = postProject
		{63E0EB26-582B-3CCC-B7AD-33EB7F2EC019} = {63E0EB26-582B-3CCC-B7AD-33EB7F2EC019}
		{FE09D17A-7A7F-322E-9A82-7473059B0162} = {FE09D17A-7A7F-322E-9A82-7473059B0162}
	EndProjectSection
EndProject
Project("{8BC9CEB8-8B4A-11D0-8D11-00A0C91BC942}") = "heightmap", "examples\heightmap.vcxproj", "{66EE2DFD-C11E-38F9-A61B-DE1C5B0B81A7}"
	ProjectSection(ProjectDependencies) = postProject
		{63E0EB26-582B-3CCC-B7AD-33EB7F2EC019} = {63E0EB26-582B-3CCC-B7AD-33EB7F2EC019}
		{FE09D17A-7A7F-322E-9A82-7473059B0162} = {FE09D17A-7A7F-322E-9A82-7473059B0162}
	EndProjectSection
EndProject
Project("{8BC9CEB8-8B4A-11D0-8D11-00A0C91BC942}") = "icon", "tests\icon.vcxproj", "{4304A22D-080C-3ED2-815A-04FD5A705CD5}"
	ProjectSection(ProjectDependencies) = postProject
		{63E0EB26-582B-3CCC-B7AD-33EB7F2EC019} = {63E0EB26-582B-3CCC-B7AD-33EB7F2EC019}
		{FE09D17A-7A7F-322E-9A82-7473059B0162} = {FE09D17A-7A7F-322E-9A82-7473059B0162}
	EndProjectSection
EndProject
Project("{8BC9CEB8-8B4A-11D0-8D11-00A0C91BC942}") = "iconify", "tests\iconify.vcxproj", "{8DB028AA-C945-3C6A-9DBE-CA0B5AC740D9}"
	ProjectSection(ProjectDependencies) = postProject
		{63E0EB26-582B-3CCC-B7AD-33EB7F2EC019} = {63E0EB26-582B-3CCC-B7AD-33EB7F2EC019}
		{FE09D17A-7A7F-322E-9A82-7473059B0162} = {FE09D17A-7A7F-322E-9A82-7473059B0162}
	EndProjectSection
EndProject
Project("{8BC9CEB8-8B4A-11D0-8D11-00A0C91BC942}") = "joysticks", "tests\joysticks.vcxproj", "{69F9ADDB-2EE1-3F02-BF0E-EEBA8DE29835}"
	ProjectSection(ProjectDependencies) = postProject
		{63E0EB26-582B-3CCC-B7AD-33EB7F2EC019} = {63E0EB26-582B-3CCC-B7AD-33EB7F2EC019}
		{FE09D17A-7A7F-322E-9A82-7473059B0162} = {FE09D17A-7A7F-322E-9A82-7473059B0162}
	EndProjectSection
EndProject
Project("{8BC9CEB8-8B4A-11D0-8D11-00A0C91BC942}") = "monitors", "tests\monitors.vcxproj", "{0833D11A-1552-3EF0-95CB-E07C724925EE}"
	ProjectSection(ProjectDependencies) = postProject
		{63E0EB26-582B-3CCC-B7AD-33EB7F2EC019} = {63E0EB26-582B-3CCC-B7AD-33EB7F2EC019}
		{FE09D17A-7A7F-322E-9A82-7473059B0162} = {FE09D17A-7A7F-322E-9A82-7473059B0162}
	EndProjectSection
EndProject
Project("{8BC9CEB8-8B4A-11D0-8D11-00A0C91BC942}") = "msaa", "tests\msaa.vcxproj", "{DB32635E-AF10-33F1-BA60-549FFDA4ECE5}"
	ProjectSection(ProjectDependencies) = postProject
		{63E0EB26-582B-3CCC-B7AD-33EB7F2EC019} = {63E0EB26-582B-3CCC-B7AD-33EB7F2EC019}
		{FE09D17A-7A7F-322E-9A82-7473059B0162} = {FE09D17A-7A7F-322E-9A82-7473059B0162}
	EndProjectSection
EndProject
Project("{8BC9CEB8-8B4A-11D0-8D11-00A0C91BC942}") = "particles", "examples\particles.vcxproj", "{C0F3DCA8-3FAF-3DE8-8D5F-C7667D440F88}"
	ProjectSection(ProjectDependencies) = postProject
		{63E0EB26-582B-3CCC-B7AD-33EB7F2EC019} = {63E0EB26-582B-3CCC-B7AD-33EB7F2EC019}
		{FE09D17A-7A7F-322E-9A82-7473059B0162} = {FE09D17A-7A7F-322E-9A82-7473059B0162}
	EndProjectSection
EndProject
Project("{8BC9CEB8-8B4A-11D0-8D11-00A0C91BC942}") = "reopen", "tests\reopen.vcxproj", "{6AECC86D-3428-3C5F-B319-E74FC262E46A}"
	ProjectSection(ProjectDependencies) = postProject
		{63E0EB26-582B-3CCC-B7AD-33EB7F2EC019} = {63E0EB26-582B-3CCC-B7AD-33EB7F2EC019}
		{FE09D17A-7A7F-322E-9A82-7473059B0162} = {FE09D17A-7A7F-322E-9A82-7473059B0162}
	EndProjectSection
EndProject
Project("{8BC9CEB8-8B4A-11D0-8D11-00A0C91BC942}") = "sharing", "tests\sharing.vcxproj", "{AA310AF6-FA9D-3802-9CCA-986CB0CE0365}"
	ProjectSection(ProjectDependencies) = postProject
		{63E0EB26-582B-3CCC-B7AD-33EB7F2EC019} = {63E0EB26-582B-3CCC-B7AD-33EB7F2EC019}
		{FE09D17A-7A7F-322E-9A82-7473059B0162} = {FE09D17A-7A7F-322E-9A82-7473059B0162}
	EndProjectSection
EndProject
Project("{8BC9CEB8-8B4A-11D0-8D11-00A0C91BC942}") = "simple", "examples\simple.vcxproj", "{06A53973-C57E-3B17-AD24-802E8453C324}"
	ProjectSection(ProjectDependencies) = postProject
		{63E0EB26-582B-3CCC-B7AD-33EB7F2EC019} = {63E0EB26-582B-3CCC-B7AD-33EB7F2EC019}
		{FE09D17A-7A7F-322E-9A82-7473059B0162} = {FE09D17A-7A7F-322E-9A82-7473059B0162}
	EndProjectSection
EndProject
Project("{8BC9CEB8-8B4A-11D0-8D11-00A0C91BC942}") = "splitview", "examples\splitview.vcxproj", "{52FFD3F1-A089-3A7E-A0CF-50EF78739DA3}"
	ProjectSection(ProjectDependencies) = postProject
		{63E0EB26-582B-3CCC-B7AD-33EB7F2EC019} = {63E0EB26-582B-3CCC-B7AD-33EB7F2EC019}
		{FE09D17A-7A7F-322E-9A82-7473059B0162} = {FE09D17A-7A7F-322E-9A82-7473059B0162}
	EndProjectSection
EndProject
Project("{8BC9CEB8-8B4A-11D0-8D11-00A0C91BC942}") = "tearing", "tests\tearing.vcxproj", "{8D04E543-63DF-30F3-9777-5EC7F388631B}"
	ProjectSection(ProjectDependencies) = postProject
		{63E0EB26-582B-3CCC-B7AD-33EB7F2EC019} = {63E0EB26-582B-3CCC-B7AD-33EB7F2EC019}
		{FE09D17A-7A7F-322E-9A82-7473059B0162} = {FE09D17A-7A7F-322E-9A82-7473059B0162}
	EndProjectSection
EndProject
Project("{8BC9CEB8-8B4A-11D0-8D11-00A0C91BC942}") = "threads", "tests\threads.vcxproj", "{B104238C-6F8A-316C-A32F-61B54B417079}"
	ProjectSection(ProjectDependencies) = postProject
		{63E0EB26-582B-3CCC-B7AD-33EB7F2EC019} = {63E0EB26-582B-3CCC-B7AD-33EB7F2EC019}
		{FE09D17A-7A7F-322E-9A82-7473059B0162} = {FE09D17A-7A7F-322E-9A82-7473059B0162}
	EndProjectSection
EndProject
Project("{8BC9CEB8-8B4A-11D0-8D11-00A0C91BC942}") = "timeout", "tests\timeout.vcxproj", "{D12C311D-8066-3E85-8A72-56A596908F04}"
	ProjectSection(ProjectDependencies) = postProject
		{63E0EB26-582B-3CCC-B7AD-33EB7F2EC019} = {63E0EB26-582B-3CCC-B7AD-33EB7F2EC019}
		{FE09D17A-7A7F-322E-9A82-7473059B0162} = {FE09D17A-7A7F-322E-9A82-7473059B0162}
	EndProjectSection
EndProject
Project("{8BC9CEB8-8B4A-11D0-8D11-00A0C91BC942}") = "title", "tests\title.vcxproj", "{ED3A02BF-76E7-3488-910C-2ADB15F6874C}"
	ProjectSection(ProjectDependencies) = postProject
		{63E0EB26-582B-3CCC-B7AD-33EB7F2EC019} = {63E0EB26-582B-3CCC-B7AD-33EB7F2EC019}
		{FE09D17A-7A7F-322E-9A82-7473059B0162} = {FE09D17A-7A7F-322E-9A82-7473059B0162}
	EndProjectSection
EndProject
Project("{8BC9CEB8-8B4A-11D0-8D11-00A0C91BC942}") = "uninstall", "uninstall.vcxproj", "{1D670D79-0A20-31AB-8F86-E46BDA6E2E2D}"
	ProjectSection(ProjectDependencies) = postProject
		{63E0EB26-582B-3CCC-B7AD-33EB7F2EC019} = {63E0EB26-582B-3CCC-B7AD-33EB7F2EC019}
	EndProjectSection
EndProject
Project("{8BC9CEB8-8B4A-11D0-8D11-00A0C91BC942}") = "wave", "examples\wave.vcxproj", "{B4DFE9F8-6927-3E0F-91E8-35D0BFDBCA2B}"
	ProjectSection(ProjectDependencies) = postProject
		{63E0EB26-582B-3CCC-B7AD-33EB7F2EC019} = {63E0EB26-582B-3CCC-B7AD-33EB7F2EC019}
		{FE09D17A-7A7F-322E-9A82-7473059B0162} = {FE09D17A-7A7F-322E-9A82-7473059B0162}
	EndProjectSection
EndProject
Project("{8BC9CEB8-8B4A-11D0-8D11-00A0C91BC942}") = "windows", "tests\windows.vcxproj", "{F2CB4A3F-102D-33A4-92DD-D3D9ABA5B2DC}"
	ProjectSection(ProjectDependencies) = postProject
		{63E0EB26-582B-3CCC-B7AD-33EB7F2EC019} = {63E0EB26-582B-3CCC-B7AD-33EB7F2EC019}
		{FE09D17A-7A7F-322E-9A82-7473059B0162} = {FE09D17A-7A7F-322E-9A82-7473059B0162}
	EndProjectSection
EndProject
Global
	GlobalSection(SolutionConfigurationPlatforms) = preSolution
		Debug|Win32 = Debug|Win32
		Release|Win32 = Release|Win32
		MinSizeRel|Win32 = MinSizeRel|Win32
		RelWithDebInfo|Win32 = RelWithDebInfo|Win32
	EndGlobalSection
	GlobalSection(ProjectConfigurationPlatforms) = postSolution
		{49D8E322-3A8E-3A9C-861D-78762780B166}.Debug|Win32.ActiveCfg = Debug|Win32
		{49D8E322-3A8E-3A9C-861D-78762780B166}.Debug|Win32.Build.0 = Debug|Win32
		{49D8E322-3A8E-3A9C-861D-78762780B166}.Release|Win32.ActiveCfg = Release|Win32
		{49D8E322-3A8E-3A9C-861D-78762780B166}.Release|Win32.Build.0 = Release|Win32
		{49D8E322-3A8E-3A9C-861D-78762780B166}.MinSizeRel|Win32.ActiveCfg = MinSizeRel|Win32
		{49D8E322-3A8E-3A9C-861D-78762780B166}.MinSizeRel|Win32.Build.0 = MinSizeRel|Win32
		{49D8E322-3A8E-3A9C-861D-78762780B166}.RelWithDebInfo|Win32.ActiveCfg = RelWithDebInfo|Win32
		{49D8E322-3A8E-3A9C-861D-78762780B166}.RelWithDebInfo|Win32.Build.0 = RelWithDebInfo|Win32
		{A71A1891-CE32-35D8-A992-3692E59C0A6E}.Debug|Win32.ActiveCfg = Debug|Win32
		{A71A1891-CE32-35D8-A992-3692E59C0A6E}.Release|Win32.ActiveCfg = Release|Win32
		{A71A1891-CE32-35D8-A992-3692E59C0A6E}.MinSizeRel|Win32.ActiveCfg = MinSizeRel|Win32
		{A71A1891-CE32-35D8-A992-3692E59C0A6E}.RelWithDebInfo|Win32.ActiveCfg = RelWithDebInfo|Win32
		{63E0EB26-582B-3CCC-B7AD-33EB7F2EC019}.Debug|Win32.ActiveCfg = Debug|Win32
		{63E0EB26-582B-3CCC-B7AD-33EB7F2EC019}.Debug|Win32.Build.0 = Debug|Win32
		{63E0EB26-582B-3CCC-B7AD-33EB7F2EC019}.Release|Win32.ActiveCfg = Release|Win32
		{63E0EB26-582B-3CCC-B7AD-33EB7F2EC019}.Release|Win32.Build.0 = Release|Win32
		{63E0EB26-582B-3CCC-B7AD-33EB7F2EC019}.MinSizeRel|Win32.ActiveCfg = MinSizeRel|Win32
		{63E0EB26-582B-3CCC-B7AD-33EB7F2EC019}.MinSizeRel|Win32.Build.0 = MinSizeRel|Win32
		{63E0EB26-582B-3CCC-B7AD-33EB7F2EC019}.RelWithDebInfo|Win32.ActiveCfg = RelWithDebInfo|Win32
		{63E0EB26-582B-3CCC-B7AD-33EB7F2EC019}.RelWithDebInfo|Win32.Build.0 = RelWithDebInfo|Win32
		{1E353B35-85C7-335D-BE21-45FCD1CBD6E2}.Debug|Win32.ActiveCfg = Debug|Win32
		{1E353B35-85C7-335D-BE21-45FCD1CBD6E2}.Debug|Win32.Build.0 = Debug|Win32
		{1E353B35-85C7-335D-BE21-45FCD1CBD6E2}.Release|Win32.ActiveCfg = Release|Win32
		{1E353B35-85C7-335D-BE21-45FCD1CBD6E2}.Release|Win32.Build.0 = Release|Win32
		{1E353B35-85C7-335D-BE21-45FCD1CBD6E2}.MinSizeRel|Win32.ActiveCfg = MinSizeRel|Win32
		{1E353B35-85C7-335D-BE21-45FCD1CBD6E2}.MinSizeRel|Win32.Build.0 = MinSizeRel|Win32
		{1E353B35-85C7-335D-BE21-45FCD1CBD6E2}.RelWithDebInfo|Win32.ActiveCfg = RelWithDebInfo|Win32
		{1E353B35-85C7-335D-BE21-45FCD1CBD6E2}.RelWithDebInfo|Win32.Build.0 = RelWithDebInfo|Win32
		{E4835CCB-FECE-3D5F-ADA0-DD2A16AC615E}.Debug|Win32.ActiveCfg = Debug|Win32
		{E4835CCB-FECE-3D5F-ADA0-DD2A16AC615E}.Debug|Win32.Build.0 = Debug|Win32
		{E4835CCB-FECE-3D5F-ADA0-DD2A16AC615E}.Release|Win32.ActiveCfg = Release|Win32
		{E4835CCB-FECE-3D5F-ADA0-DD2A16AC615E}.Release|Win32.Build.0 = Release|Win32
		{E4835CCB-FECE-3D5F-ADA0-DD2A16AC615E}.MinSizeRel|Win32.ActiveCfg = MinSizeRel|Win32
		{E4835CCB-FECE-3D5F-ADA0-DD2A16AC615E}.MinSizeRel|Win32.Build.0 = MinSizeRel|Win32
		{E4835CCB-FECE-3D5F-ADA0-DD2A16AC615E}.RelWithDebInfo|Win32.ActiveCfg = RelWithDebInfo|Win32
		{E4835CCB-FECE-3D5F-ADA0-DD2A16AC615E}.RelWithDebInfo|Win32.Build.0 = RelWithDebInfo|Win32
		{C3568B4C-089C-3CE0-8145-F0D8D9F9615D}.Debug|Win32.ActiveCfg = Debug|Win32
		{C3568B4C-089C-3CE0-8145-F0D8D9F9615D}.Debug|Win32.Build.0 = Debug|Win32
		{C3568B4C-089C-3CE0-8145-F0D8D9F9615D}.Release|Win32.ActiveCfg = Release|Win32
		{C3568B4C-089C-3CE0-8145-F0D8D9F9615D}.Release|Win32.Build.0 = Release|Win32
		{C3568B4C-089C-3CE0-8145-F0D8D9F9615D}.MinSizeRel|Win32.ActiveCfg = MinSizeRel|Win32
		{C3568B4C-089C-3CE0-8145-F0D8D9F9615D}.MinSizeRel|Win32.Build.0 = MinSizeRel|Win32
		{C3568B4C-089C-3CE0-8145-F0D8D9F9615D}.RelWithDebInfo|Win32.ActiveCfg = RelWithDebInfo|Win32
		{C3568B4C-089C-3CE0-8145-F0D8D9F9615D}.RelWithDebInfo|Win32.Build.0 = RelWithDebInfo|Win32
		{46903BC2-C97D-3764-9395-D866E1A749A8}.Debug|Win32.ActiveCfg = Debug|Win32
		{46903BC2-C97D-3764-9395-D866E1A749A8}.Debug|Win32.Build.0 = Debug|Win32
		{46903BC2-C97D-3764-9395-D866E1A749A8}.Release|Win32.ActiveCfg = Release|Win32
		{46903BC2-C97D-3764-9395-D866E1A749A8}.Release|Win32.Build.0 = Release|Win32
		{46903BC2-C97D-3764-9395-D866E1A749A8}.MinSizeRel|Win32.ActiveCfg = MinSizeRel|Win32
		{46903BC2-C97D-3764-9395-D866E1A749A8}.MinSizeRel|Win32.Build.0 = MinSizeRel|Win32
		{46903BC2-C97D-3764-9395-D866E1A749A8}.RelWithDebInfo|Win32.ActiveCfg = RelWithDebInfo|Win32
		{46903BC2-C97D-3764-9395-D866E1A749A8}.RelWithDebInfo|Win32.Build.0 = RelWithDebInfo|Win32
		{34DCF320-C573-3340-B772-DB97AD229E62}.Debug|Win32.ActiveCfg = Debug|Win32
		{34DCF320-C573-3340-B772-DB97AD229E62}.Debug|Win32.Build.0 = Debug|Win32
		{34DCF320-C573-3340-B772-DB97AD229E62}.Release|Win32.ActiveCfg = Release|Win32
		{34DCF320-C573-3340-B772-DB97AD229E62}.Release|Win32.Build.0 = Release|Win32
		{34DCF320-C573-3340-B772-DB97AD229E62}.MinSizeRel|Win32.ActiveCfg = MinSizeRel|Win32
		{34DCF320-C573-3340-B772-DB97AD229E62}.MinSizeRel|Win32.Build.0 = MinSizeRel|Win32
		{34DCF320-C573-3340-B772-DB97AD229E62}.RelWithDebInfo|Win32.ActiveCfg = RelWithDebInfo|Win32
		{34DCF320-C573-3340-B772-DB97AD229E62}.RelWithDebInfo|Win32.Build.0 = RelWithDebInfo|Win32
		{4E8CC77F-70DF-3D79-A552-CF4A3129C093}.Debug|Win32.ActiveCfg = Debug|Win32
		{4E8CC77F-70DF-3D79-A552-CF4A3129C093}.Debug|Win32.Build.0 = Debug|Win32
		{4E8CC77F-70DF-3D79-A552-CF4A3129C093}.Release|Win32.ActiveCfg = Release|Win32
		{4E8CC77F-70DF-3D79-A552-CF4A3129C093}.Release|Win32.Build.0 = Release|Win32
		{4E8CC77F-70DF-3D79-A552-CF4A3129C093}.MinSizeRel|Win32.ActiveCfg = MinSizeRel|Win32
		{4E8CC77F-70DF-3D79-A552-CF4A3129C093}.MinSizeRel|Win32.Build.0 = MinSizeRel|Win32
		{4E8CC77F-70DF-3D79-A552-CF4A3129C093}.RelWithDebInfo|Win32.ActiveCfg = RelWithDebInfo|Win32
		{4E8CC77F-70DF-3D79-A552-CF4A3129C093}.RelWithDebInfo|Win32.Build.0 = RelWithDebInfo|Win32
		{99CE6E19-8945-3236-876B-72DA7A4B9AD6}.Debug|Win32.ActiveCfg = Debug|Win32
		{99CE6E19-8945-3236-876B-72DA7A4B9AD6}.Debug|Win32.Build.0 = Debug|Win32
		{99CE6E19-8945-3236-876B-72DA7A4B9AD6}.Release|Win32.ActiveCfg = Release|Win32
		{99CE6E19-8945-3236-876B-72DA7A4B9AD6}.Release|Win32.Build.0 = Release|Win32
		{99CE6E19-8945-3236-876B-72DA7A4B9AD6}.MinSizeRel|Win32.ActiveCfg = MinSizeRel|Win32
		{99CE6E19-8945-3236-876B-72DA7A4B9AD6}.MinSizeRel|Win32.Build.0 = MinSizeRel|Win32
		{99CE6E19-8945-3236-876B-72DA7A4B9AD6}.RelWithDebInfo|Win32.ActiveCfg = RelWithDebInfo|Win32
		{99CE6E19-8945-3236-876B-72DA7A4B9AD6}.RelWithDebInfo|Win32.Build.0 = RelWithDebInfo|Win32
		{FE09D17A-7A7F-322E-9A82-7473059B0162}.Debug|Win32.ActiveCfg = Debug|Win32
		{FE09D17A-7A7F-322E-9A82-7473059B0162}.Debug|Win32.Build.0 = Debug|Win32
		{FE09D17A-7A7F-322E-9A82-7473059B0162}.Release|Win32.ActiveCfg = Release|Win32
		{FE09D17A-7A7F-322E-9A82-7473059B0162}.Release|Win32.Build.0 = Release|Win32
		{FE09D17A-7A7F-322E-9A82-7473059B0162}.MinSizeRel|Win32.ActiveCfg = MinSizeRel|Win32
		{FE09D17A-7A7F-322E-9A82-7473059B0162}.MinSizeRel|Win32.Build.0 = MinSizeRel|Win32
		{FE09D17A-7A7F-322E-9A82-7473059B0162}.RelWithDebInfo|Win32.ActiveCfg = RelWithDebInfo|Win32
		{FE09D17A-7A7F-322E-9A82-7473059B0162}.RelWithDebInfo|Win32.Build.0 = RelWithDebInfo|Win32
		{33E94DC9-51EF-3C42-BEF7-1A11C43E97E5}.Debug|Win32.ActiveCfg = Debug|Win32
		{33E94DC9-51EF-3C42-BEF7-1A11C43E97E5}.Debug|Win32.Build.0 = Debug|Win32
		{33E94DC9-51EF-3C42-BEF7-1A11C43E97E5}.Release|Win32.ActiveCfg = Release|Win32
		{33E94DC9-51EF-3C42-BEF7-1A11C43E97E5}.Release|Win32.Build.0 = Release|Win32
		{33E94DC9-51EF-3C42-BEF7-1A11C43E97E5}.MinSizeRel|Win32.ActiveCfg = MinSizeRel|Win32
		{33E94DC9-51EF-3C42-BEF7-1A11C43E97E5}.MinSizeRel|Win32.Build.0 = MinSizeRel|Win32
		{33E94DC9-51EF-3C42-BEF7-1A11C43E97E5}.RelWithDebInfo|Win32.ActiveCfg = RelWithDebInfo|Win32
		{33E94DC9-51EF-3C42-BEF7-1A11C43E97E5}.RelWithDebInfo|Win32.Build.0 = RelWithDebInfo|Win32
		{66EE2DFD-C11E-38F9-A61B-DE1C5B0B81A7}.Debug|Win32.ActiveCfg = Debug|Win32
		{66EE2DFD-C11E-38F9-A61B-DE1C5B0B81A7}.Debug|Win32.Build.0 = Debug|Win32
		{66EE2DFD-C11E-38F9-A61B-DE1C5B0B81A7}.Release|Win32.ActiveCfg = Release|Win32
		{66EE2DFD-C11E-38F9-A61B-DE1C5B0B81A7}.Release|Win32.Build.0 = Release|Win32
		{66EE2DFD-C11E-38F9-A61B-DE1C5B0B81A7}.MinSizeRel|Win32.ActiveCfg = MinSizeRel|Win32
		{66EE2DFD-C11E-38F9-A61B-DE1C5B0B81A7}.MinSizeRel|Win32.Build.0 = MinSizeRel|Win32
		{66EE2DFD-C11E-38F9-A61B-DE1C5B0B81A7}.RelWithDebInfo|Win32.ActiveCfg = RelWithDebInfo|Win32
		{66EE2DFD-C11E-38F9-A61B-DE1C5B0B81A7}.RelWithDebInfo|Win32.Build.0 = RelWithDebInfo|Win32
		{4304A22D-080C-3ED2-815A-04FD5A705CD5}.Debug|Win32.ActiveCfg = Debug|Win32
		{4304A22D-080C-3ED2-815A-04FD5A705CD5}.Debug|Win32.Build.0 = Debug|Win32
		{4304A22D-080C-3ED2-815A-04FD5A705CD5}.Release|Win32.ActiveCfg = Release|Win32
		{4304A22D-080C-3ED2-815A-04FD5A705CD5}.Release|Win32.Build.0 = Release|Win32
		{4304A22D-080C-3ED2-815A-04FD5A705CD5}.MinSizeRel|Win32.ActiveCfg = MinSizeRel|Win32
		{4304A22D-080C-3ED2-815A-04FD5A705CD5}.MinSizeRel|Win32.Build.0 = MinSizeRel|Win32
		{4304A22D-080C-3ED2-815A-04FD5A705CD5}.RelWithDebInfo|Win32.ActiveCfg = RelWithDebInfo|Win32
		{4304A22D-080C-3ED2-815A-04FD5A705CD5}.RelWithDebInfo|Win32.Build.0 = RelWithDebInfo|Win32
		{8DB028AA-C945-3C6A-9DBE-CA0B5AC740D9}.Debug|Win32.ActiveCfg = Debug|Win32
		{8DB028AA-C945-3C6A-9DBE-CA0B5AC740D9}.Debug|Win32.Build.0 = Debug|Win32
		{8DB028AA-C945-3C6A-9DBE-CA0B5AC740D9}.Release|Win32.ActiveCfg = Release|Win32
		{8DB028AA-C945-3C6A-9DBE-CA0B5AC740D9}.Release|Win32.Build.0 = Release|Win32
		{8DB028AA-C945-3C6A-9DBE-CA0B5AC740D9}.MinSizeRel|Win32.ActiveCfg = MinSizeRel|Win32
		{8DB028AA-C945-3C6A-9DBE-CA0B5AC740D9}.MinSizeRel|Win32.Build.0 = MinSizeRel|Win32
		{8DB028AA-C945-3C6A-9DBE-CA0B5AC740D9}.RelWithDebInfo|Win32.ActiveCfg = RelWithDebInfo|Win32
		{8DB028AA-C945-3C6A-9DBE-CA0B5AC740D9}.RelWithDebInfo|Win32.Build.0 = RelWithDebInfo|Win32
		{69F9ADDB-2EE1-3F02-BF0E-EEBA8DE29835}.Debug|Win32.ActiveCfg = Debug|Win32
		{69F9ADDB-2EE1-3F02-BF0E-EEBA8DE29835}.Debug|Win32.Build.0 = Debug|Win32
		{69F9ADDB-2EE1-3F02-BF0E-EEBA8DE29835}.Release|Win32.ActiveCfg = Release|Win32
		{69F9ADDB-2EE1-3F02-BF0E-EEBA8DE29835}.Release|Win32.Build.0 = Release|Win32
		{69F9ADDB-2EE1-3F02-BF0E-EEBA8DE29835}.MinSizeRel|Win32.ActiveCfg = MinSizeRel|Win32
		{69F9ADDB-2EE1-3F02-BF0E-EEBA8DE29835}.MinSizeRel|Win32.Build.0 = MinSizeRel|Win32
		{69F9ADDB-2EE1-3F02-BF0E-EEBA8DE29835}.RelWithDebInfo|Win32.ActiveCfg = RelWithDebInfo|Win32
		{69F9ADDB-2EE1-3F02-BF0E-EEBA8DE29835}.RelWithDebInfo|Win32.Build.0 = RelWithDebInfo|Win32
		{0833D11A-1552-3EF0-95CB-E07C724925EE}.Debug|Win32.ActiveCfg = Debug|Win32
		{0833D11A-1552-3EF0-95CB-E07C724925EE}.Debug|Win32.Build.0 = Debug|Win32
		{0833D11A-1552-3EF0-95CB-E07C724925EE}.Release|Win32.ActiveCfg = Release|Win32
		{0833D11A-1552-3EF0-95CB-E07C724925EE}.Release|Win32.Build.0 = Release|Win32
		{0833D11A-1552-3EF0-95CB-E07C724925EE}.MinSizeRel|Win32.ActiveCfg = MinSizeRel|Win32
		{0833D11A-1552-3EF0-95CB-E07C724925EE}.MinSizeRel|Win32.Build.0 = MinSizeRel|Win32
		{0833D11A-1552-3EF0-95CB-E07C724925EE}.RelWithDebInfo|Win32.ActiveCfg = RelWithDebInfo|Win32
		{0833D11A-1552-3EF0-95CB-E07C724925EE}.RelWithDebInfo|Win32.Build.0 = RelWithDebInfo|Win32
		{DB32635E-AF10-33F1-BA60-549FFDA4ECE5}.Debug|Win32.ActiveCfg = Debug|Win32
		{DB32635E-AF10-33F1-BA60-549FFDA4ECE5}.Debug|Win32.Build.0 = Debug|Win32
		{DB32635E-AF10-33F1-BA60-549FFDA4ECE5}.Release|Win32.ActiveCfg = Release|Win32
		{DB32635E-AF10-33F1-BA60-549FFDA4ECE5}.Release|Win32.Build.0 = Release|Win32
		{DB32635E-AF10-33F1-BA60-549FFDA4ECE5}.MinSizeRel|Win32.ActiveCfg = MinSizeRel|Win32
		{DB32635E-AF10-33F1-BA60-549FFDA4ECE5}.MinSizeRel|Win32.Build.0 = MinSizeRel|Win32
		{DB32635E-AF10-33F1-BA60-549FFDA4ECE5}.RelWithDebInfo|Win32.ActiveCfg = RelWithDebInfo|Win32
		{DB32635E-AF10-33F1-BA60-549FFDA4ECE5}.RelWithDebInfo|Win32.Build.0 = RelWithDebInfo|Win32
		{C0F3DCA8-3FAF-3DE8-8D5F-C7667D440F88}.Debug|Win32.ActiveCfg = Debug|Win32
		{C0F3DCA8-3FAF-3DE8-8D5F-C7667D440F88}.Debug|Win32.Build.0 = Debug|Win32
		{C0F3DCA8-3FAF-3DE8-8D5F-C7667D440F88}.Release|Win32.ActiveCfg = Release|Win32
		{C0F3DCA8-3FAF-3DE8-8D5F-C7667D440F88}.Release|Win32.Build.0 = Release|Win32
		{C0F3DCA8-3FAF-3DE8-8D5F-C7667D440F88}.MinSizeRel|Win32.ActiveCfg = MinSizeRel|Win32
		{C0F3DCA8-3FAF-3DE8-8D5F-C7667D440F88}.MinSizeRel|Win32.Build.0 = MinSizeRel|Win32
		{C0F3DCA8-3FAF-3DE8-8D5F-C7667D440F88}.RelWithDebInfo|Win32.ActiveCfg = RelWithDebInfo|Win32
		{C0F3DCA8-3FAF-3DE8-8D5F-C7667D440F88}.RelWithDebInfo|Win32.Build.0 = RelWithDebInfo|Win32
		{6AECC86D-3428-3C5F-B319-E74FC262E46A}.Debug|Win32.ActiveCfg = Debug|Win32
		{6AECC86D-3428-3C5F-B319-E74FC262E46A}.Debug|Win32.Build.0 = Debug|Win32
		{6AECC86D-3428-3C5F-B319-E74FC262E46A}.Release|Win32.ActiveCfg = Release|Win32
		{6AECC86D-3428-3C5F-B319-E74FC262E46A}.Release|Win32.Build.0 = Release|Win32
		{6AECC86D-3428-3C5F-B319-E74FC262E46A}.MinSizeRel|Win32.ActiveCfg = MinSizeRel|Win32
		{6AECC86D-3428-3C5F-B319-E74FC262E46A}.MinSizeRel|Win32.Build.0 = MinSizeRel|Win32
		{6AECC86D-3428-3C5F-B319-E74FC262E46A}.RelWithDebInfo|Win32.ActiveCfg = RelWithDebInfo|Win32
		{6AECC86D-3428-3C5F-B319-E74FC262E46A}.RelWithDebInfo|Win32.Build.0 = RelWithDebInfo|Win32
		{AA310AF6-FA9D-3802-9CCA-986CB0CE0365}.Debug|Win32.ActiveCfg = Debug|Win32
		{AA310AF6-FA9D-3802-9CCA-986CB0CE0365}.Debug|Win32.Build.0 = Debug|Win32
		{AA310AF6-FA9D-3802-9CCA-986CB0CE0365}.Release|Win32.ActiveCfg = Release|Win32
		{AA310AF6-FA9D-3802-9CCA-986CB0CE0365}.Release|Win32.Build.0 = Release|Win32
		{AA310AF6-FA9D-3802-9CCA-986CB0CE0365}.MinSizeRel|Win32.ActiveCfg = MinSizeRel|Win32
		{AA310AF6-FA9D-3802-9CCA-986CB0CE0365}.MinSizeRel|Win32.Build.0 = MinSizeRel|Win32
		{AA310AF6-FA9D-3802-9CCA-986CB0CE0365}.RelWithDebInfo|Win32.ActiveCfg = RelWithDebInfo|Win32
		{AA310AF6-FA9D-3802-9CCA-986CB0CE0365}.RelWithDebInfo|Win32.Build.0 = RelWithDebInfo|Win32
		{06A53973-C57E-3B17-AD24-802E8453C324}.Debug|Win32.ActiveCfg = Debug|Win32
		{06A53973-C57E-3B17-AD24-802E8453C324}.Debug|Win32.Build.0 = Debug|Win32
		{06A53973-C57E-3B17-AD24-802E8453C324}.Release|Win32.ActiveCfg = Release|Win32
		{06A53973-C57E-3B17-AD24-802E8453C324}.Release|Win32.Build.0 = Release|Win32
		{06A53973-C57E-3B17-AD24-802E8453C324}.MinSizeRel|Win32.ActiveCfg = MinSizeRel|Win32
		{06A53973-C57E-3B17-AD24-802E8453C324}.MinSizeRel|Win32.Build.0 = MinSizeRel|Win32
		{06A53973-C57E-3B17-AD24-802E8453C324}.RelWithDebInfo|Win32.ActiveCfg = RelWithDebInfo|Win32
		{06A53973-C57E-3B17-AD24-802E8453C324}.RelWithDebInfo|Win32.Build.0 = RelWithDebInfo|Win32
		{52FFD3F1-A089-3A7E-A0CF-50EF78739DA3}.Debug|Win32.ActiveCfg = Debug|Win32
		{52FFD3F1-A089-3A7E-A0CF-50EF78739DA3}.Debug|Win32.Build.0 = Debug|Win32
		{52FFD3F1-A089-3A7E-A0CF-50EF78739DA3}.Release|Win32.ActiveCfg = Release|Win32
		{52FFD3F1-A089-3A7E-A0CF-50EF78739DA3}.Release|Win32.Build.0 = Release|Win32
		{52FFD3F1-A089-3A7E-A0CF-50EF78739DA3}.MinSizeRel|Win32.ActiveCfg = MinSizeRel|Win32
		{52FFD3F1-A089-3A7E-A0CF-50EF78739DA3}.MinSizeRel|Win32.Build.0 = MinSizeRel|Win32
		{52FFD3F1-A089-3A7E-A0CF-50EF78739DA3}.RelWithDebInfo|Win32.ActiveCfg = RelWithDebInfo|Win32
		{52FFD3F1-A089-3A7E-A0CF-50EF78739DA3}.RelWithDebInfo|Win32.Build.0 = RelWithDebInfo|Win32
		{8D04E543-63DF-30F3-9777-5EC7F388631B}.Debug|Win32.ActiveCfg = Debug|Win32
		{8D04E543-63DF-30F3-9777-5EC7F388631B}.Debug|Win32.Build.0 = Debug|Win32
		{8D04E543-63DF-30F3-9777-5EC7F388631B}.Release|Win32.ActiveCfg = Release|Win32
		{8D04E543-63DF-30F3-9777-5EC7F388631B}.Release|Win32.Build.0 = Release|Win32
		{8D04E543-63DF-30F3-9777-5EC7F388631B}.MinSizeRel|Win32.ActiveCfg = MinSizeRel|Win32
		{8D04E543-63DF-30F3-9777-5EC7F388631B}.MinSizeRel|Win32.Build.0 = MinSizeRel|Win32
		{8D04E543-63DF-30F3-9777-5EC7F388631B}.RelWithDebInfo|Win32.ActiveCfg = RelWithDebInfo|Win32
		{8D04E543-63DF-30F3-9777-5EC7F388631B}.RelWithDebInfo|Win32.Build.0 = RelWithDebInfo|Win32
		{B104238C-6F8A-316C-A32F-61B54B417079}.Debug|Win32.ActiveCfg = Debug|Win32
		{B104238C-6F8A-316C-A32F-61B54B417079}.Debug|Win32.Build.0 = Debug|Win32
		{B104238C-6F8A-316C-A32F-61B54B417079}.Release|Win32.ActiveCfg = Release|Win32
		{B104238C-6F8A-316C-A32F-61B54B417079}.Release|Win32.Build.0 = Release|Win32
		{B104238C-6F8A-316C-A32F-61B54B417079}.MinSizeRel|Win32.ActiveCfg = MinSizeRel|Win32
		{B104238C-6F8A-316C-A32F-61B54B417079}.MinSizeRel|Win32.Build.0 = MinSizeRel|Win32
		{B104238C-6F8A-316C-A32F-61B54B417079}.RelWithDebInfo|Win32.ActiveCfg = RelWithDebInfo|Win32
		{B104238C-6F8A-316C-A32F-61B54B417079}.RelWithDebInfo|Win32.Build.0 = RelWithDebInfo|Win32
		{D12C311D-8066-3E85-8A72-56A596908F04}.Debug|Win32.ActiveCfg = Debug|Win32
		{D12C311D-8066-3E85-8A72-56A596908F04}.Debug|Win32.Build.0 = Debug|Win32
		{D12C311D-8066-3E85-8A72-56A596908F04}.Release|Win32.ActiveCfg = Release|Win32
		{D12C311D-8066-3E85-8A72-56A596908F04}.Release|Win32.Build.0 = Release|Win32
		{D12C311D-8066-3E85-8A72-56A596908F04}.MinSizeRel|Win32.ActiveCfg = MinSizeRel|Win32
		{D12C311D-8066-3E85-8A72-56A596908F04}.MinSizeRel|Win32.Build.0 = MinSizeRel|Win32
		{D12C311D-8066-3E85-8A72-56A596908F04}.RelWithDebInfo|Win32.ActiveCfg = RelWithDebInfo|Win32
		{D12C311D-8066-3E85-8A72-56A596908F04}.RelWithDebInfo|Win32.Build.0 = RelWithDebInfo|Win32
		{ED3A02BF-76E7-3488-910C-2ADB15F6874C}.Debug|Win32.ActiveCfg = Debug|Win32
		{ED3A02BF-76E7-3488-910C-2ADB15F6874C}.Debug|Win32.Build.0 = Debug|Win32
		{ED3A02BF-76E7-3488-910C-2ADB15F6874C}.Release|Win32.ActiveCfg = Release|Win32
		{ED3A02BF-76E7-3488-910C-2ADB15F6874C}.Release|Win32.Build.0 = Release|Win32
		{ED3A02BF-76E7-3488-910C-2ADB15F6874C}.MinSizeRel|Win32.ActiveCfg = MinSizeRel|Win32
		{ED3A02BF-76E7-3488-910C-2ADB15F6874C}.MinSizeRel|Win32.Build.0 = MinSizeRel|Win32
		{ED3A02BF-76E7-3488-910C-2ADB15F6874C}.RelWithDebInfo|Win32.ActiveCfg = RelWithDebInfo|Win32
		{ED3A02BF-76E7-3488-910C-2ADB15F6874C}.RelWithDebInfo|Win32.Build.0 = RelWithDebInfo|Win32
		{1D670D79-0A20-31AB-8F86-E46BDA6E2E2D}.Debug|Win32.ActiveCfg = Debug|Win32
		{1D670D79-0A20-31AB-8F86-E46BDA6E2E2D}.Release|Win32.ActiveCfg = Release|Win32
		{1D670D79-0A20-31AB-8F86-E46BDA6E2E2D}.MinSizeRel|Win32.ActiveCfg = MinSizeRel|Win32
		{1D670D79-0A20-31AB-8F86-E46BDA6E2E2D}.RelWithDebInfo|Win32.ActiveCfg = RelWithDebInfo|Win32
		{B4DFE9F8-6927-3E0F-91E8-35D0BFDBCA2B}.Debug|Win32.ActiveCfg = Debug|Win32
		{B4DFE9F8-6927-3E0F-91E8-35D0BFDBCA2B}.Debug|Win32.Build.0 = Debug|Win32
		{B4DFE9F8-6927-3E0F-91E8-35D0BFDBCA2B}.Release|Win32.ActiveCfg = Release|Win32
		{B4DFE9F8-6927-3E0F-91E8-35D0BFDBCA2B}.Release|Win32.Build.0 = Release|Win32
		{B4DFE9F8-6927-3E0F-91E8-35D0BFDBCA2B}.MinSizeRel|Win32.ActiveCfg = MinSizeRel|Win32
		{B4DFE9F8-6927-3E0F-91E8-35D0BFDBCA2B}.MinSizeRel|Win32.Build.0 = MinSizeRel|Win32
		{B4DFE9F8-6927-3E0F-91E8-35D0BFDBCA2B}.RelWithDebInfo|Win32.ActiveCfg = RelWithDebInfo|Win32
		{B4DFE9F8-6927-3E0F-91E8-35D0BFDBCA2B}.RelWithDebInfo|Win32.Build.0 = RelWithDebInfo|Win32
		{F2CB4A3F-102D-33A4-92DD-D3D9ABA5B2DC}.Debug|Win32.ActiveCfg = Debug|Win32
		{F2CB4A3F-102D-33A4-92DD-D3D9ABA5B2DC}.Debug|Win32.Build.0 = Debug|Win32
		{F2CB4A3F-102D-33A4-92DD-D3D9ABA5B2DC}.Release|Win32.ActiveCfg = Release|Win32
		{F2CB4A3F-102D-33A4-92DD-D3D9ABA5B2DC}.Release|Win32.Build.0 = Release|Win32
		{F2CB4A3F-102D-33A4-92DD-D3D9ABA5B2DC}.MinSizeRel|Win32.ActiveCfg = MinSizeRel|Win32
		{F2CB4A3F-102D-33A4-92DD-D3D9ABA5B2DC}.MinSizeRel|Win32.Build.0 = MinSizeRel|Win32
		{F2CB4A3F-102D-33A4-92DD-D3D9ABA5B2DC}.RelWithDebInfo|Win32.ActiveCfg = RelWithDebInfo|Win32
		{F2CB4A3F-102D-33A4-92DD-D3D9ABA5B2DC}.RelWithDebInfo|Win32.Build.0 = RelWithDebInfo|Win32
	EndGlobalSection
	GlobalSection(NestedProjects) = preSolution
		{49D8E322-3A8E-3A9C-861D-78762780B166} = {7ADA6046-7F03-3F41-9E00-360B02CB5B59}
		{A71A1891-CE32-35D8-A992-3692E59C0A6E} = {7ADA6046-7F03-3F41-9E00-360B02CB5B59}
		{63E0EB26-582B-3CCC-B7AD-33EB7F2EC019} = {7ADA6046-7F03-3F41-9E00-360B02CB5B59}
		{B4F962D2-D135-3B80-8051-52911444B4D7} = {760E44CC-448A-3706-BB22-CB2BD118E2F1}
		{F2FAE5CF-B082-3148-A98E-A22928149113} = {760E44CC-448A-3706-BB22-CB2BD118E2F1}
		{FE09D17A-7A7F-322E-9A82-7473059B0162} = {760E44CC-448A-3706-BB22-CB2BD118E2F1}
		{1E353B35-85C7-335D-BE21-45FCD1CBD6E2} = {B4F962D2-D135-3B80-8051-52911444B4D7}
		{99CE6E19-8945-3236-876B-72DA7A4B9AD6} = {B4F962D2-D135-3B80-8051-52911444B4D7}
		{66EE2DFD-C11E-38F9-A61B-DE1C5B0B81A7} = {B4F962D2-D135-3B80-8051-52911444B4D7}
		{C0F3DCA8-3FAF-3DE8-8D5F-C7667D440F88} = {B4F962D2-D135-3B80-8051-52911444B4D7}
		{06A53973-C57E-3B17-AD24-802E8453C324} = {B4F962D2-D135-3B80-8051-52911444B4D7}
		{52FFD3F1-A089-3A7E-A0CF-50EF78739DA3} = {B4F962D2-D135-3B80-8051-52911444B4D7}
		{B4DFE9F8-6927-3E0F-91E8-35D0BFDBCA2B} = {B4F962D2-D135-3B80-8051-52911444B4D7}
		{E4835CCB-FECE-3D5F-ADA0-DD2A16AC615E} = {F2FAE5CF-B082-3148-A98E-A22928149113}
		{C3568B4C-089C-3CE0-8145-F0D8D9F9615D} = {F2FAE5CF-B082-3148-A98E-A22928149113}
		{46903BC2-C97D-3764-9395-D866E1A749A8} = {F2FAE5CF-B082-3148-A98E-A22928149113}
		{34DCF320-C573-3340-B772-DB97AD229E62} = {F2FAE5CF-B082-3148-A98E-A22928149113}
		{4E8CC77F-70DF-3D79-A552-CF4A3129C093} = {F2FAE5CF-B082-3148-A98E-A22928149113}
		{33E94DC9-51EF-3C42-BEF7-1A11C43E97E5} = {F2FAE5CF-B082-3148-A98E-A22928149113}
		{4304A22D-080C-3ED2-815A-04FD5A705CD5} = {F2FAE5CF-B082-3148-A98E-A22928149113}
		{8DB028AA-C945-3C6A-9DBE-CA0B5AC740D9} = {F2FAE5CF-B082-3148-A98E-A22928149113}
		{69F9ADDB-2EE1-3F02-BF0E-EEBA8DE29835} = {F2FAE5CF-B082-3148-A98E-A22928149113}
		{0833D11A-1552-3EF0-95CB-E07C724925EE} = {F2FAE5CF-B082-3148-A98E-A22928149113}
		{DB32635E-AF10-33F1-BA60-549FFDA4ECE5} = {F2FAE5CF-B082-3148-A98E-A22928149113}
		{6AECC86D-3428-3C5F-B319-E74FC262E46A} = {F2FAE5CF-B082-3148-A98E-A22928149113}
		{AA310AF6-FA9D-3802-9CCA-986CB0CE0365} = {F2FAE5CF-B082-3148-A98E-A22928149113}
		{8D04E543-63DF-30F3-9777-5EC7F388631B} = {F2FAE5CF-B082-3148-A98E-A22928149113}
		{B104238C-6F8A-316C-A32F-61B54B417079} = {F2FAE5CF-B082-3148-A98E-A22928149113}
		{D12C311D-8066-3E85-8A72-56A596908F04} = {F2FAE5CF-B082-3148-A98E-A22928149113}
		{ED3A02BF-76E7-3488-910C-2ADB15F6874C} = {F2FAE5CF-B082-3148-A98E-A22928149113}
		{F2CB4A3F-102D-33A4-92DD-D3D9ABA5B2DC} = {F2FAE5CF-B082-3148-A98E-A22928149113}
	EndGlobalSection
	GlobalSection(ExtensibilityGlobals) = postSolution
		SolutionGuid = {842CE2B5-6408-3311-B72A-E1369E0762DD}
	EndGlobalSection
	GlobalSection(ExtensibilityAddIns) = postSolution
	EndGlobalSection
EndGlobal
