<?xml version="1.0" encoding="utf-8"?>
<Project ToolsVersion="15.0" xmlns="http://schemas.microsoft.com/developer/msbuild/2003">
  <ItemGroup>
    <CustomBuild Include="C:\dm\smexp\glfw-3.2.1\CMakeFiles\2c2b5a01a9334ffc488fde9298cc33a5\INSTALL_force.rule">
      <Filter>CMake Rules</Filter>
    </CustomBuild>
  </ItemGroup>
  <ItemGroup>
    <Filter Include="CMake Rules">
      <UniqueIdentifier>{06374253-FA79-347E-80AF-AFDE3731BB13}</UniqueIdentifier>
    </Filter>
  </ItemGroup>
</Project>
